{
  "version": 4,
  "terraform_version": "1.14.3",
  "serial": 81,
  "lineage": "668d70d5-d9d0-d81c-97eb-cbce1ab28d14",
  "outputs": {},
  "resources": [
    {
      "module": "module.networking",
      "mode": "data",
      "type": "aws_availability_zones",
      "name": "available",
      "provider": "provider[\"registry.terraform.io/hashicorp/aws\"]",
      "instances": [
        {
          "schema_version": 0,
          "attributes": {
            "all_availability_zones": null,
            "exclude_names": null,
            "exclude_zone_ids": null,
            "filter": null,
            "group_names": [
              "eu-west-3-zg-1"
            ],
            "id": "eu-west-3",
            "names": [
              "eu-west-3a",
              "eu-west-3b",
              "eu-west-3c"
            ],
            "region": "eu-west-3",
            "state": "available",
            "timeouts": null,
            "zone_ids": [
              "euw3-az1",
              "euw3-az2",
              "euw3-az3"
            ]
          },
          "sensitive_attributes": [],
          "identity_schema_version": 0
        }
      ]
    },
    {
      "module": "module.networking",
      "mode": "managed",
      "type": "aws_internet_gateway",
      "name": "public",
      "provider": "provider[\"registry.terraform.io/hashicorp/aws\"]",
      "instances": [
        {
          "schema_version": 0,
          "attributes": {
            "arn": "arn:aws:ec2:eu-west-3:247625421810:internet-gateway/igw-0ce06f248ac41e0e4",
            "id": "igw-0ce06f248ac41e0e4",
            "owner_id": "247625421810",
            "region": "eu-west-3",
            "tags": {
              "Name": "public-gw",
              "Owner": "Thomas Tuminaro",
              "Project": "tf-k8s-aws"
            },
            "tags_all": {
              "Name": "public-gw",
              "Owner": "Thomas Tuminaro",
              "Project": "tf-k8s-aws"
            },
            "timeouts": null,
            "vpc_id": "vpc-0a69937743873a980"
          },
          "sensitive_attributes": [],
          "identity_schema_version": 0,
          "private": "eyJlMmJmYjczMC1lY2FhLTExZTYtOGY4OC0zNDM2M2JjN2M0YzAiOnsiY3JlYXRlIjoxMjAwMDAwMDAwMDAwLCJkZWxldGUiOjEyMDAwMDAwMDAwMDAsInVwZGF0ZSI6MTIwMDAwMDAwMDAwMH19",
          "dependencies": [
            "module.networking.aws_vpc.main"
          ]
        }
      ]
    },
    {
      "module": "module.networking",
      "mode": "managed",
      "type": "aws_lb",
      "name": "cp",
      "provider": "provider[\"registry.terraform.io/hashicorp/aws\"]",
      "instances": [
        {
          "schema_version": 0,
          "attributes": {
            "access_logs": [
              {
                "bucket": "",
                "enabled": false,
                "prefix": ""
              }
            ],
            "arn": "arn:aws:elasticloadbalancing:eu-west-3:247625421810:loadbalancer/net/controlplane-lb/0de22b2ef91ec63a",
            "arn_suffix": "net/controlplane-lb/0de22b2ef91ec63a",
            "client_keep_alive": null,
            "connection_logs": [],
            "customer_owned_ipv4_pool": "",
            "desync_mitigation_mode": null,
            "dns_name": "controlplane-lb-0de22b2ef91ec63a.elb.eu-west-3.amazonaws.com",
            "dns_record_client_routing_policy": "any_availability_zone",
            "drop_invalid_header_fields": null,
            "enable_cross_zone_load_balancing": false,
            "enable_deletion_protection": false,
            "enable_http2": null,
            "enable_tls_version_and_cipher_suite_headers": null,
            "enable_waf_fail_open": null,
            "enable_xff_client_port": null,
            "enable_zonal_shift": false,
            "enforce_security_group_inbound_rules_on_private_link_traffic": "",
            "health_check_logs": [],
            "id": "arn:aws:elasticloadbalancing:eu-west-3:247625421810:loadbalancer/net/controlplane-lb/0de22b2ef91ec63a",
            "idle_timeout": null,
            "internal": true,
            "ip_address_type": "ipv4",
            "ipam_pools": [],
            "load_balancer_type": "network",
            "minimum_load_balancer_capacity": [],
            "name": "controlplane-lb",
            "name_prefix": "",
            "preserve_host_header": null,
            "region": "eu-west-3",
            "secondary_ips_auto_assigned_per_subnet": 0,
            "security_groups": [
              "sg-03768d4486d2bbdd2"
            ],
            "subnet_mapping": [
              {
                "allocation_id": "",
                "ipv6_address": "",
                "outpost_id": "",
                "private_ipv4_address": "",
                "subnet_id": "subnet-0285e5f8c75a7f4c1"
              },
              {
                "allocation_id": "",
                "ipv6_address": "",
                "outpost_id": "",
                "private_ipv4_address": "",
                "subnet_id": "subnet-0d09632f37e74923c"
              },
              {
                "allocation_id": "",
                "ipv6_address": "",
                "outpost_id": "",
                "private_ipv4_address": "",
                "subnet_id": "subnet-0fbb670f83cad8170"
              }
            ],
            "subnets": [
              "subnet-0285e5f8c75a7f4c1",
              "subnet-0d09632f37e74923c",
              "subnet-0fbb670f83cad8170"
            ],
            "tags": {
              "Name": "controlplane-lb",
              "Owner": "Thomas Tuminaro",
              "Project": "tf-k8s-aws"
            },
            "tags_all": {
              "Name": "controlplane-lb",
              "Owner": "Thomas Tuminaro",
              "Project": "tf-k8s-aws"
            },
            "timeouts": null,
            "vpc_id": "vpc-0a69937743873a980",
            "xff_header_processing_mode": null,
            "zone_id": "Z1CMS0P5QUZ6D5"
          },
          "sensitive_attributes": [],
          "identity_schema_version": 0,
          "identity": {
            "arn": "arn:aws:elasticloadbalancing:eu-west-3:247625421810:loadbalancer/net/controlplane-lb/0de22b2ef91ec63a"
          },
          "private": "eyJlMmJmYjczMC1lY2FhLTExZTYtOGY4OC0zNDM2M2JjN2M0YzAiOnsiY3JlYXRlIjo2MDAwMDAwMDAwMDAsImRlbGV0ZSI6NjAwMDAwMDAwMDAwLCJ1cGRhdGUiOjYwMDAwMDAwMDAwMH19",
          "dependencies": [
            "module.networking.aws_security_group.lb",
            "module.networking.aws_subnet.cp",
            "module.networking.aws_vpc.main",
            "module.networking.data.aws_availability_zones.available"
          ]
        }
      ]
    },
    {
      "module": "module.networking",
      "mode": "managed",
      "type": "aws_nat_gateway",
      "name": "nat",
      "provider": "provider[\"registry.terraform.io/hashicorp/aws\"]",
      "instances": [
        {
          "schema_version": 0,
          "attributes": {
            "allocation_id": null,
            "association_id": null,
            "auto_provision_zones": "enabled",
            "auto_scaling_ips": "enabled",
            "availability_mode": "regional",
            "availability_zone_address": [],
            "connectivity_type": "public",
            "id": "nat-1e331121dd4186c4f",
            "network_interface_id": null,
            "private_ip": null,
            "public_ip": null,
            "region": "eu-west-3",
            "regional_nat_gateway_address": [
              {
                "allocation_id": "eipalloc-07777d328697e5524",
                "association_id": "eipassoc-0212e8bf092019673",
                "availability_zone": "eu-west-3b",
                "availability_zone_id": "euw3-az2",
                "network_interface_id": "",
                "public_ip": "35.180.149.118",
                "status": "succeeded"
              },
              {
                "allocation_id": "eipalloc-0c4cda15d9e4239c4",
                "association_id": "eipassoc-02993a59f2f24e88b",
                "availability_zone": "eu-west-3a",
                "availability_zone_id": "euw3-az1",
                "network_interface_id": "",
                "public_ip": "15.236.105.127",
                "status": "succeeded"
              },
              {
                "allocation_id": "eipalloc-0e1ca149e09d7a4f3",
                "association_id": "eipassoc-0a2f5eb3766e4d5b1",
                "availability_zone": "eu-west-3c",
                "availability_zone_id": "euw3-az3",
                "network_interface_id": "",
                "public_ip": "51.44.151.199",
                "status": "succeeded"
              }
            ],
            "regional_nat_gateway_auto_mode": "enabled",
            "route_table_id": "rtb-091e5e4b085c48757",
            "secondary_allocation_ids": [],
            "secondary_private_ip_address_count": null,
            "secondary_private_ip_addresses": [],
            "subnet_id": null,
            "tags": {
              "Name": "nat-gw",
              "Owner": "Thomas Tuminaro",
              "Project": "tf-k8s-aws"
            },
            "tags_all": {
              "Name": "nat-gw",
              "Owner": "Thomas Tuminaro",
              "Project": "tf-k8s-aws"
            },
            "timeouts": null,
            "vpc_id": "vpc-0a69937743873a980"
          },
          "sensitive_attributes": [],
          "identity_schema_version": 0,
          "identity": {
            "account_id": "247625421810",
            "id": "nat-1e331121dd4186c4f",
            "region": "eu-west-3"
          },
          "private": "eyJlMmJmYjczMC1lY2FhLTExZTYtOGY4OC0zNDM2M2JjN2M0YzAiOnsiY3JlYXRlIjo2MDAwMDAwMDAwMDAsImRlbGV0ZSI6MTgwMDAwMDAwMDAwMCwidXBkYXRlIjo2MDAwMDAwMDAwMDB9fQ==",
          "dependencies": [
            "module.networking.aws_vpc.main"
          ]
        }
      ]
    },
    {
      "module": "module.networking",
      "mode": "managed",
      "type": "aws_route53_record",
      "name": "controlplanes",
      "provider": "provider[\"registry.terraform.io/hashicorp/aws\"]",
      "instances": [
        {
          "index_key": "controlplane-01",
          "schema_version": 2,
          "attributes": {
            "alias": [],
            "allow_overwrite": null,
            "cidr_routing_policy": [],
            "failover_routing_policy": [],
            "fqdn": "controlplane-01.kubernetes.local",
            "geolocation_routing_policy": [],
            "geoproximity_routing_policy": [],
            "health_check_id": "",
            "id": "Z06679353MDM0GET2UFYS_controlplane-01.kubernetes.local_A",
            "latency_routing_policy": [],
            "multivalue_answer_routing_policy": false,
            "name": "controlplane-01.kubernetes.local",
            "records": [
              "10.0.10.10"
            ],
            "set_identifier": "",
            "timeouts": null,
            "ttl": 300,
            "type": "A",
            "weighted_routing_policy": [],
            "zone_id": "Z06679353MDM0GET2UFYS"
          },
          "sensitive_attributes": [],
          "identity_schema_version": 0,
          "identity": {
            "account_id": "247625421810",
            "name": "controlplane-01.kubernetes.local",
            "set_identifier": null,
            "type": "A",
            "zone_id": "Z06679353MDM0GET2UFYS"
          },
          "private": "eyJlMmJmYjczMC1lY2FhLTExZTYtOGY4OC0zNDM2M2JjN2M0YzAiOnsiY3JlYXRlIjoxODAwMDAwMDAwMDAwLCJkZWxldGUiOjE4MDAwMDAwMDAwMDAsInVwZGF0ZSI6MTgwMDAwMDAwMDAwMH0sInNjaGVtYV92ZXJzaW9uIjoiMiJ9",
          "dependencies": [
            "module.networking.aws_route53_zone.main",
            "module.networking.aws_vpc.main"
          ]
        },
        {
          "index_key": "controlplane-02",
          "schema_version": 2,
          "attributes": {
            "alias": [],
            "allow_overwrite": null,
            "cidr_routing_policy": [],
            "failover_routing_policy": [],
            "fqdn": "controlplane-02.kubernetes.local",
            "geolocation_routing_policy": [],
            "geoproximity_routing_policy": [],
            "health_check_id": "",
            "id": "Z06679353MDM0GET2UFYS_controlplane-02.kubernetes.local_A",
            "latency_routing_policy": [],
            "multivalue_answer_routing_policy": false,
            "name": "controlplane-02.kubernetes.local",
            "records": [
              "10.0.11.10"
            ],
            "set_identifier": "",
            "timeouts": null,
            "ttl": 300,
            "type": "A",
            "weighted_routing_policy": [],
            "zone_id": "Z06679353MDM0GET2UFYS"
          },
          "sensitive_attributes": [],
          "identity_schema_version": 0,
          "identity": {
            "account_id": "247625421810",
            "name": "controlplane-02.kubernetes.local",
            "set_identifier": null,
            "type": "A",
            "zone_id": "Z06679353MDM0GET2UFYS"
          },
          "private": "eyJlMmJmYjczMC1lY2FhLTExZTYtOGY4OC0zNDM2M2JjN2M0YzAiOnsiY3JlYXRlIjoxODAwMDAwMDAwMDAwLCJkZWxldGUiOjE4MDAwMDAwMDAwMDAsInVwZGF0ZSI6MTgwMDAwMDAwMDAwMH0sInNjaGVtYV92ZXJzaW9uIjoiMiJ9",
          "dependencies": [
            "module.networking.aws_route53_zone.main",
            "module.networking.aws_vpc.main"
          ]
        },
        {
          "index_key": "controlplane-03",
          "schema_version": 2,
          "attributes": {
            "alias": [],
            "allow_overwrite": null,
            "cidr_routing_policy": [],
            "failover_routing_policy": [],
            "fqdn": "controlplane-03.kubernetes.local",
            "geolocation_routing_policy": [],
            "geoproximity_routing_policy": [],
            "health_check_id": "",
            "id": "Z06679353MDM0GET2UFYS_controlplane-03.kubernetes.local_A",
            "latency_routing_policy": [],
            "multivalue_answer_routing_policy": false,
            "name": "controlplane-03.kubernetes.local",
            "records": [
              "10.0.12.10"
            ],
            "set_identifier": "",
            "timeouts": null,
            "ttl": 300,
            "type": "A",
            "weighted_routing_policy": [],
            "zone_id": "Z06679353MDM0GET2UFYS"
          },
          "sensitive_attributes": [],
          "identity_schema_version": 0,
          "identity": {
            "account_id": "247625421810",
            "name": "controlplane-03.kubernetes.local",
            "set_identifier": null,
            "type": "A",
            "zone_id": "Z06679353MDM0GET2UFYS"
          },
          "private": "eyJlMmJmYjczMC1lY2FhLTExZTYtOGY4OC0zNDM2M2JjN2M0YzAiOnsiY3JlYXRlIjoxODAwMDAwMDAwMDAwLCJkZWxldGUiOjE4MDAwMDAwMDAwMDAsInVwZGF0ZSI6MTgwMDAwMDAwMDAwMH0sInNjaGVtYV92ZXJzaW9uIjoiMiJ9",
          "dependencies": [
            "module.networking.aws_route53_zone.main",
            "module.networking.aws_vpc.main"
          ]
        }
      ]
    },
    {
      "module": "module.networking",
      "mode": "managed",
      "type": "aws_route53_record",
      "name": "workers",
      "provider": "provider[\"registry.terraform.io/hashicorp/aws\"]",
      "instances": [
        {
          "index_key": "worker",
          "schema_version": 2,
          "attributes": {
            "alias": [],
            "allow_overwrite": null,
            "cidr_routing_policy": [],
            "failover_routing_policy": [],
            "fqdn": "worker.kubernetes.local",
            "geolocation_routing_policy": [],
            "geoproximity_routing_policy": [],
            "health_check_id": "",
            "id": "Z06679353MDM0GET2UFYS_worker.kubernetes.local_A",
            "latency_routing_policy": [],
            "multivalue_answer_routing_policy": false,
            "name": "worker.kubernetes.local",
            "records": [
              "10.0.13.10"
            ],
            "set_identifier": "",
            "timeouts": null,
            "ttl": 300,
            "type": "A",
            "weighted_routing_policy": [],
            "zone_id": "Z06679353MDM0GET2UFYS"
          },
          "sensitive_attributes": [],
          "identity_schema_version": 0,
          "identity": {
            "account_id": "247625421810",
            "name": "worker.kubernetes.local",
            "set_identifier": null,
            "type": "A",
            "zone_id": "Z06679353MDM0GET2UFYS"
          },
          "private": "eyJlMmJmYjczMC1lY2FhLTExZTYtOGY4OC0zNDM2M2JjN2M0YzAiOnsiY3JlYXRlIjoxODAwMDAwMDAwMDAwLCJkZWxldGUiOjE4MDAwMDAwMDAwMDAsInVwZGF0ZSI6MTgwMDAwMDAwMDAwMH0sInNjaGVtYV92ZXJzaW9uIjoiMiJ9",
          "dependencies": [
            "module.networking.aws_route53_zone.main",
            "module.networking.aws_vpc.main"
          ]
        }
      ]
    },
    {
      "module": "module.networking",
      "mode": "managed",
      "type": "aws_route53_zone",
      "name": "main",
      "provider": "provider[\"registry.terraform.io/hashicorp/aws\"]",
      "instances": [
        {
          "schema_version": 0,
          "attributes": {
            "arn": "arn:aws:route53:::hostedzone/Z06679353MDM0GET2UFYS",
            "comment": "Managed by Terraform",
            "delegation_set_id": "",
            "enable_accelerated_recovery": false,
            "force_destroy": false,
            "id": "Z06679353MDM0GET2UFYS",
            "name": "kubernetes.local",
            "name_servers": [
              "ns-0.awsdns-00.com.",
              "ns-1024.awsdns-00.org.",
              "ns-1536.awsdns-00.co.uk.",
              "ns-512.awsdns-00.net."
            ],
            "primary_name_server": "ns-0.awsdns-00.com.",
            "tags": {},
            "tags_all": {},
            "timeouts": null,
            "vpc": [
              {
                "vpc_id": "vpc-0a69937743873a980",
                "vpc_region": "eu-west-3"
              }
            ],
            "zone_id": "Z06679353MDM0GET2UFYS"
          },
          "sensitive_attributes": [],
          "identity_schema_version": 0,
          "private": "eyJlMmJmYjczMC1lY2FhLTExZTYtOGY4OC0zNDM2M2JjN2M0YzAiOnsiY3JlYXRlIjoxODAwMDAwMDAwMDAwLCJkZWxldGUiOjE4MDAwMDAwMDAwMDAsInVwZGF0ZSI6MTgwMDAwMDAwMDAwMH19",
          "dependencies": [
            "module.networking.aws_vpc.main"
          ]
        }
      ]
    },
    {
      "module": "module.networking",
      "mode": "managed",
      "type": "aws_route_table",
      "name": "private",
      "provider": "provider[\"registry.terraform.io/hashicorp/aws\"]",
      "instances": [
        {
          "schema_version": 0,
          "attributes": {
            "arn": "arn:aws:ec2:eu-west-3:247625421810:route-table/rtb-0fafcb1130e8f351a",
            "id": "rtb-0fafcb1130e8f351a",
            "owner_id": "247625421810",
            "propagating_vgws": [],
            "region": "eu-west-3",
            "route": [
              {
                "carrier_gateway_id": "",
                "cidr_block": "0.0.0.0/0",
                "core_network_arn": "",
                "destination_prefix_list_id": "",
                "egress_only_gateway_id": "",
                "gateway_id": "nat-1e331121dd4186c4f",
                "ipv6_cidr_block": "",
                "local_gateway_id": "",
                "nat_gateway_id": "",
                "network_interface_id": "",
                "transit_gateway_id": "",
                "vpc_endpoint_id": "",
                "vpc_peering_connection_id": ""
              }
            ],
            "tags": {
              "Name": "private-subs-routing",
              "Owner": "Thomas Tuminaro",
              "Project": "tf-k8s-aws"
            },
            "tags_all": {
              "Name": "private-subs-routing",
              "Owner": "Thomas Tuminaro",
              "Project": "tf-k8s-aws"
            },
            "timeouts": null,
            "vpc_id": "vpc-0a69937743873a980"
          },
          "sensitive_attributes": [],
          "identity_schema_version": 0,
          "identity": {
            "account_id": "247625421810",
            "id": "rtb-0fafcb1130e8f351a",
            "region": "eu-west-3"
          },
          "private": "eyJlMmJmYjczMC1lY2FhLTExZTYtOGY4OC0zNDM2M2JjN2M0YzAiOnsiY3JlYXRlIjozMDAwMDAwMDAwMDAsImRlbGV0ZSI6MzAwMDAwMDAwMDAwLCJ1cGRhdGUiOjEyMDAwMDAwMDAwMH19",
          "dependencies": [
            "module.networking.aws_nat_gateway.nat",
            "module.networking.aws_vpc.main"
          ]
        }
      ]
    },
    {
      "module": "module.networking",
      "mode": "managed",
      "type": "aws_route_table",
      "name": "public",
      "provider": "provider[\"registry.terraform.io/hashicorp/aws\"]",
      "instances": [
        {
          "schema_version": 0,
          "attributes": {
            "arn": "arn:aws:ec2:eu-west-3:247625421810:route-table/rtb-01b45e5e0981e9a3c",
            "id": "rtb-01b45e5e0981e9a3c",
            "owner_id": "247625421810",
            "propagating_vgws": [],
            "region": "eu-west-3",
            "route": [
              {
                "carrier_gateway_id": "",
                "cidr_block": "0.0.0.0/0",
                "core_network_arn": "",
                "destination_prefix_list_id": "",
                "egress_only_gateway_id": "",
                "gateway_id": "igw-0ce06f248ac41e0e4",
                "ipv6_cidr_block": "",
                "local_gateway_id": "",
                "nat_gateway_id": "",
                "network_interface_id": "",
                "transit_gateway_id": "",
                "vpc_endpoint_id": "",
                "vpc_peering_connection_id": ""
              }
            ],
            "tags": {
              "Name": "public-subs-routing",
              "Owner": "Thomas Tuminaro",
              "Project": "tf-k8s-aws"
            },
            "tags_all": {
              "Name": "public-subs-routing",
              "Owner": "Thomas Tuminaro",
              "Project": "tf-k8s-aws"
            },
            "timeouts": null,
            "vpc_id": "vpc-0a69937743873a980"
          },
          "sensitive_attributes": [],
          "identity_schema_version": 0,
          "identity": {
            "account_id": "247625421810",
            "id": "rtb-01b45e5e0981e9a3c",
            "region": "eu-west-3"
          },
          "private": "eyJlMmJmYjczMC1lY2FhLTExZTYtOGY4OC0zNDM2M2JjN2M0YzAiOnsiY3JlYXRlIjozMDAwMDAwMDAwMDAsImRlbGV0ZSI6MzAwMDAwMDAwMDAwLCJ1cGRhdGUiOjEyMDAwMDAwMDAwMH19",
          "dependencies": [
            "module.networking.aws_internet_gateway.public",
            "module.networking.aws_vpc.main"
          ]
        }
      ]
    },
    {
      "module": "module.networking",
      "mode": "managed",
      "type": "aws_route_table_association",
      "name": "private-cp",
      "provider": "provider[\"registry.terraform.io/hashicorp/aws\"]",
      "instances": [
        {
          "index_key": "controlplane01",
          "schema_version": 0,
          "attributes": {
            "gateway_id": "",
            "id": "rtbassoc-046c0ddbb0f434569",
            "region": "eu-west-3",
            "route_table_id": "rtb-0fafcb1130e8f351a",
            "subnet_id": "subnet-0285e5f8c75a7f4c1",
            "timeouts": null
          },
          "sensitive_attributes": [],
          "identity_schema_version": 0,
          "identity": {
            "account_id": "247625421810",
            "id": "rtbassoc-046c0ddbb0f434569",
            "region": "eu-west-3"
          },
          "private": "eyJlMmJmYjczMC1lY2FhLTExZTYtOGY4OC0zNDM2M2JjN2M0YzAiOnsiY3JlYXRlIjozMDAwMDAwMDAwMDAsImRlbGV0ZSI6MzAwMDAwMDAwMDAwLCJ1cGRhdGUiOjEyMDAwMDAwMDAwMH19",
          "dependencies": [
            "module.networking.aws_nat_gateway.nat",
            "module.networking.aws_route_table.private",
            "module.networking.aws_subnet.cp",
            "module.networking.aws_vpc.main",
            "module.networking.data.aws_availability_zones.available"
          ]
        },
        {
          "index_key": "controlplane02",
          "schema_version": 0,
          "attributes": {
            "gateway_id": "",
            "id": "rtbassoc-034755cc5ac443f8d",
            "region": "eu-west-3",
            "route_table_id": "rtb-0fafcb1130e8f351a",
            "subnet_id": "subnet-0d09632f37e74923c",
            "timeouts": null
          },
          "sensitive_attributes": [],
          "identity_schema_version": 0,
          "identity": {
            "account_id": "247625421810",
            "id": "rtbassoc-034755cc5ac443f8d",
            "region": "eu-west-3"
          },
          "private": "eyJlMmJmYjczMC1lY2FhLTExZTYtOGY4OC0zNDM2M2JjN2M0YzAiOnsiY3JlYXRlIjozMDAwMDAwMDAwMDAsImRlbGV0ZSI6MzAwMDAwMDAwMDAwLCJ1cGRhdGUiOjEyMDAwMDAwMDAwMH19",
          "dependencies": [
            "module.networking.aws_nat_gateway.nat",
            "module.networking.aws_route_table.private",
            "module.networking.aws_subnet.cp",
            "module.networking.aws_vpc.main",
            "module.networking.data.aws_availability_zones.available"
          ]
        },
        {
          "index_key": "controlplane03",
          "schema_version": 0,
          "attributes": {
            "gateway_id": "",
            "id": "rtbassoc-0515ea0ed1ddf6933",
            "region": "eu-west-3",
            "route_table_id": "rtb-0fafcb1130e8f351a",
            "subnet_id": "subnet-0fbb670f83cad8170",
            "timeouts": null
          },
          "sensitive_attributes": [],
          "identity_schema_version": 0,
          "identity": {
            "account_id": "247625421810",
            "id": "rtbassoc-0515ea0ed1ddf6933",
            "region": "eu-west-3"
          },
          "private": "eyJlMmJmYjczMC1lY2FhLTExZTYtOGY4OC0zNDM2M2JjN2M0YzAiOnsiY3JlYXRlIjozMDAwMDAwMDAwMDAsImRlbGV0ZSI6MzAwMDAwMDAwMDAwLCJ1cGRhdGUiOjEyMDAwMDAwMDAwMH19",
          "dependencies": [
            "module.networking.aws_nat_gateway.nat",
            "module.networking.aws_route_table.private",
            "module.networking.aws_subnet.cp",
            "module.networking.aws_vpc.main",
            "module.networking.data.aws_availability_zones.available"
          ]
        }
      ]
    },
    {
      "module": "module.networking",
      "mode": "managed",
      "type": "aws_route_table_association",
      "name": "private-wk",
      "provider": "provider[\"registry.terraform.io/hashicorp/aws\"]",
      "instances": [
        {
          "schema_version": 0,
          "attributes": {
            "gateway_id": "",
            "id": "rtbassoc-0dc520b36c67cf462",
            "region": "eu-west-3",
            "route_table_id": "rtb-0fafcb1130e8f351a",
            "subnet_id": "subnet-0016efa36b4cb4b40",
            "timeouts": null
          },
          "sensitive_attributes": [],
          "identity_schema_version": 0,
          "identity": {
            "account_id": "247625421810",
            "id": "rtbassoc-0dc520b36c67cf462",
            "region": "eu-west-3"
          },
          "private": "eyJlMmJmYjczMC1lY2FhLTExZTYtOGY4OC0zNDM2M2JjN2M0YzAiOnsiY3JlYXRlIjozMDAwMDAwMDAwMDAsImRlbGV0ZSI6MzAwMDAwMDAwMDAwLCJ1cGRhdGUiOjEyMDAwMDAwMDAwMH19",
          "dependencies": [
            "module.networking.aws_nat_gateway.nat",
            "module.networking.aws_route_table.private",
            "module.networking.aws_subnet.worker",
            "module.networking.aws_vpc.main"
          ]
        }
      ]
    },
    {
      "module": "module.networking",
      "mode": "managed",
      "type": "aws_route_table_association",
      "name": "workstation",
      "provider": "provider[\"registry.terraform.io/hashicorp/aws\"]",
      "instances": [
        {
          "schema_version": 0,
          "attributes": {
            "gateway_id": "",
            "id": "rtbassoc-0efbdd3862c922471",
            "region": "eu-west-3",
            "route_table_id": "rtb-01b45e5e0981e9a3c",
            "subnet_id": "subnet-0c1faa81a88117e88",
            "timeouts": null
          },
          "sensitive_attributes": [],
          "identity_schema_version": 0,
          "identity": {
            "account_id": "247625421810",
            "id": "rtbassoc-0efbdd3862c922471",
            "region": "eu-west-3"
          },
          "private": "eyJlMmJmYjczMC1lY2FhLTExZTYtOGY4OC0zNDM2M2JjN2M0YzAiOnsiY3JlYXRlIjozMDAwMDAwMDAwMDAsImRlbGV0ZSI6MzAwMDAwMDAwMDAwLCJ1cGRhdGUiOjEyMDAwMDAwMDAwMH19",
          "dependencies": [
            "module.networking.aws_internet_gateway.public",
            "module.networking.aws_route_table.public",
            "module.networking.aws_subnet.workstation",
            "module.networking.aws_vpc.main"
          ]
        }
      ]
    },
    {
      "module": "module.networking",
      "mode": "managed",
      "type": "aws_security_group",
      "name": "cp",
      "provider": "provider[\"registry.terraform.io/hashicorp/aws\"]",
      "instances": [
        {
          "schema_version": 1,
          "attributes": {
            "arn": "arn:aws:ec2:eu-west-3:247625421810:security-group/sg-0a3b63e4d5b9f192b",
            "description": "Allows controlplane communications.",
            "egress": [
              {
                "cidr_blocks": [
                  "0.0.0.0/0"
                ],
                "description": "",
                "from_port": 0,
                "ipv6_cidr_blocks": [],
                "prefix_list_ids": [],
                "protocol": "-1",
                "security_groups": [
                  "sg-06d17256b4bc1baf9"
                ],
                "self": true,
                "to_port": 0
              }
            ],
            "id": "sg-0a3b63e4d5b9f192b",
            "ingress": [
              {
                "cidr_blocks": [],
                "description": "",
                "from_port": 0,
                "ipv6_cidr_blocks": [],
                "prefix_list_ids": [],
                "protocol": "-1",
                "security_groups": [
                  "sg-06d17256b4bc1baf9"
                ],
                "self": true,
                "to_port": 0
              },
              {
                "cidr_blocks": [],
                "description": "",
                "from_port": 22,
                "ipv6_cidr_blocks": [],
                "prefix_list_ids": [],
                "protocol": "tcp",
                "security_groups": [
                  "sg-0a90077d03260b31b"
                ],
                "self": false,
                "to_port": 22
              },
              {
                "cidr_blocks": [],
                "description": "",
                "from_port": 6443,
                "ipv6_cidr_blocks": [],
                "prefix_list_ids": [],
                "protocol": "tcp",
                "security_groups": [
                  "sg-03768d4486d2bbdd2",
                  "sg-0a90077d03260b31b"
                ],
                "self": false,
                "to_port": 6443
              }
            ],
            "name": "controlplane-sg",
            "name_prefix": "",
            "owner_id": "247625421810",
            "region": "eu-west-3",
            "revoke_rules_on_delete": false,
            "tags": {
              "Name": "controlplane-sg",
              "Owner": "Thomas Tuminaro",
              "Project": "tf-k8s-aws"
            },
            "tags_all": {
              "Name": "controlplane-sg",
              "Owner": "Thomas Tuminaro",
              "Project": "tf-k8s-aws"
            },
            "timeouts": null,
            "vpc_id": "vpc-0a69937743873a980"
          },
          "sensitive_attributes": [],
          "identity_schema_version": 0,
          "identity": {
            "account_id": "247625421810",
            "id": "sg-0a3b63e4d5b9f192b",
            "region": "eu-west-3"
          },
          "private": "eyJlMmJmYjczMC1lY2FhLTExZTYtOGY4OC0zNDM2M2JjN2M0YzAiOnsiY3JlYXRlIjo2MDAwMDAwMDAwMDAsImRlbGV0ZSI6OTAwMDAwMDAwMDAwfSwic2NoZW1hX3ZlcnNpb24iOiIxIn0=",
          "dependencies": [
            "module.networking.aws_vpc.main"
          ]
        }
      ]
    },
    {
      "module": "module.networking",
      "mode": "managed",
      "type": "aws_security_group",
      "name": "efs",
      "provider": "provider[\"registry.terraform.io/hashicorp/aws\"]",
      "instances": [
        {
          "schema_version": 1,
          "attributes": {
            "arn": "arn:aws:ec2:eu-west-3:247625421810:security-group/sg-07ff846d30b1b2fbc",
            "description": "Allows access from workstation to EFS file share.",
            "egress": [],
            "id": "sg-07ff846d30b1b2fbc",
            "ingress": [
              {
                "cidr_blocks": [],
                "description": "",
                "from_port": 2049,
                "ipv6_cidr_blocks": [],
                "prefix_list_ids": [],
                "protocol": "tcp",
                "security_groups": [
                  "sg-0a90077d03260b31b"
                ],
                "self": false,
                "to_port": 2049
              }
            ],
            "name": "efs-sg",
            "name_prefix": "",
            "owner_id": "247625421810",
            "region": "eu-west-3",
            "revoke_rules_on_delete": false,
            "tags": {
              "Name": "efs-sg",
              "Owner": "Thomas Tuminaro",
              "Project": "tf-k8s-aws"
            },
            "tags_all": {
              "Name": "efs-sg",
              "Owner": "Thomas Tuminaro",
              "Project": "tf-k8s-aws"
            },
            "timeouts": null,
            "vpc_id": "vpc-0a69937743873a980"
          },
          "sensitive_attributes": [],
          "identity_schema_version": 0,
          "identity": {
            "account_id": "247625421810",
            "id": "sg-07ff846d30b1b2fbc",
            "region": "eu-west-3"
          },
          "private": "eyJlMmJmYjczMC1lY2FhLTExZTYtOGY4OC0zNDM2M2JjN2M0YzAiOnsiY3JlYXRlIjo2MDAwMDAwMDAwMDAsImRlbGV0ZSI6OTAwMDAwMDAwMDAwfSwic2NoZW1hX3ZlcnNpb24iOiIxIn0=",
          "dependencies": [
            "module.networking.aws_vpc.main"
          ]
        }
      ]
    },
    {
      "module": "module.networking",
      "mode": "managed",
      "type": "aws_security_group",
      "name": "lb",
      "provider": "provider[\"registry.terraform.io/hashicorp/aws\"]",
      "instances": [
        {
          "schema_version": 1,
          "attributes": {
            "arn": "arn:aws:ec2:eu-west-3:247625421810:security-group/sg-03768d4486d2bbdd2",
            "description": "Allows communications of controlplane LB.",
            "egress": [
              {
                "cidr_blocks": [],
                "description": "",
                "from_port": 6443,
                "ipv6_cidr_blocks": [],
                "prefix_list_ids": [],
                "protocol": "tcp",
                "security_groups": [
                  "sg-0a3b63e4d5b9f192b"
                ],
                "self": false,
                "to_port": 6443
              }
            ],
            "id": "sg-03768d4486d2bbdd2",
            "ingress": [
              {
                "cidr_blocks": [],
                "description": "",
                "from_port": 0,
                "ipv6_cidr_blocks": [],
                "prefix_list_ids": [],
                "protocol": "-1",
                "security_groups": [
                  "sg-06d17256b4bc1baf9",
                  "sg-0a3b63e4d5b9f192b"
                ],
                "self": false,
                "to_port": 0
              },
              {
                "cidr_blocks": [],
                "description": "",
                "from_port": 6443,
                "ipv6_cidr_blocks": [],
                "prefix_list_ids": [],
                "protocol": "tcp",
                "security_groups": [
                  "sg-0a90077d03260b31b"
                ],
                "self": false,
                "to_port": 6443
              }
            ],
            "name": "lb-sg",
            "name_prefix": "",
            "owner_id": "247625421810",
            "region": "eu-west-3",
            "revoke_rules_on_delete": false,
            "tags": {
              "Name": "lb-sg",
              "Owner": "Thomas Tuminaro",
              "Project": "tf-k8s-aws"
            },
            "tags_all": {
              "Name": "lb-sg",
              "Owner": "Thomas Tuminaro",
              "Project": "tf-k8s-aws"
            },
            "timeouts": null,
            "vpc_id": "vpc-0a69937743873a980"
          },
          "sensitive_attributes": [],
          "identity_schema_version": 0,
          "identity": {
            "account_id": "247625421810",
            "id": "sg-03768d4486d2bbdd2",
            "region": "eu-west-3"
          },
          "private": "eyJlMmJmYjczMC1lY2FhLTExZTYtOGY4OC0zNDM2M2JjN2M0YzAiOnsiY3JlYXRlIjo2MDAwMDAwMDAwMDAsImRlbGV0ZSI6OTAwMDAwMDAwMDAwfSwic2NoZW1hX3ZlcnNpb24iOiIxIn0=",
          "dependencies": [
            "module.networking.aws_vpc.main"
          ]
        }
      ]
    },
    {
      "module": "module.networking",
      "mode": "managed",
      "type": "aws_security_group",
      "name": "wk",
      "provider": "provider[\"registry.terraform.io/hashicorp/aws\"]",
      "instances": [
        {
          "schema_version": 1,
          "attributes": {
            "arn": "arn:aws:ec2:eu-west-3:247625421810:security-group/sg-06d17256b4bc1baf9",
            "description": "Allows worker communications.",
            "egress": [
              {
                "cidr_blocks": [
                  "0.0.0.0/0"
                ],
                "description": "",
                "from_port": 0,
                "ipv6_cidr_blocks": [],
                "prefix_list_ids": [],
                "protocol": "-1",
                "security_groups": [],
                "self": false,
                "to_port": 0
              }
            ],
            "id": "sg-06d17256b4bc1baf9",
            "ingress": [
              {
                "cidr_blocks": [],
                "description": "",
                "from_port": 22,
                "ipv6_cidr_blocks": [],
                "prefix_list_ids": [],
                "protocol": "tcp",
                "security_groups": [
                  "sg-0a90077d03260b31b"
                ],
                "self": false,
                "to_port": 22
              }
            ],
            "name": "worker-sg",
            "name_prefix": "",
            "owner_id": "247625421810",
            "region": "eu-west-3",
            "revoke_rules_on_delete": false,
            "tags": {
              "Name": "worker-sg",
              "Owner": "Thomas Tuminaro",
              "Project": "tf-k8s-aws"
            },
            "tags_all": {
              "Name": "worker-sg",
              "Owner": "Thomas Tuminaro",
              "Project": "tf-k8s-aws"
            },
            "timeouts": null,
            "vpc_id": "vpc-0a69937743873a980"
          },
          "sensitive_attributes": [],
          "identity_schema_version": 0,
          "identity": {
            "account_id": "247625421810",
            "id": "sg-06d17256b4bc1baf9",
            "region": "eu-west-3"
          },
          "private": "eyJlMmJmYjczMC1lY2FhLTExZTYtOGY4OC0zNDM2M2JjN2M0YzAiOnsiY3JlYXRlIjo2MDAwMDAwMDAwMDAsImRlbGV0ZSI6OTAwMDAwMDAwMDAwfSwic2NoZW1hX3ZlcnNpb24iOiIxIn0=",
          "dependencies": [
            "module.networking.aws_vpc.main"
          ]
        }
      ]
    },
    {
      "module": "module.networking",
      "mode": "managed",
      "type": "aws_security_group",
      "name": "workstation",
      "provider": "provider[\"registry.terraform.io/hashicorp/aws\"]",
      "instances": [
        {
          "schema_version": 1,
          "attributes": {
            "arn": "arn:aws:ec2:eu-west-3:247625421810:security-group/sg-0a90077d03260b31b",
            "description": "Allows workstation communications.",
            "egress": [
              {
                "cidr_blocks": [
                  "0.0.0.0/0"
                ],
                "description": "",
                "from_port": 0,
                "ipv6_cidr_blocks": [],
                "prefix_list_ids": [],
                "protocol": "-1",
                "security_groups": [],
                "self": false,
                "to_port": 0
              },
              {
                "cidr_blocks": [],
                "description": "",
                "from_port": 2049,
                "ipv6_cidr_blocks": [],
                "prefix_list_ids": [],
                "protocol": "tcp",
                "security_groups": [
                  "sg-07ff846d30b1b2fbc"
                ],
                "self": false,
                "to_port": 2049
              },
              {
                "cidr_blocks": [],
                "description": "",
                "from_port": 22,
                "ipv6_cidr_blocks": [],
                "prefix_list_ids": [],
                "protocol": "tcp",
                "security_groups": [
                  "sg-06d17256b4bc1baf9",
                  "sg-0a3b63e4d5b9f192b"
                ],
                "self": false,
                "to_port": 22
              },
              {
                "cidr_blocks": [],
                "description": "",
                "from_port": 6443,
                "ipv6_cidr_blocks": [],
                "prefix_list_ids": [],
                "protocol": "tcp",
                "security_groups": [
                  "sg-0a3b63e4d5b9f192b"
                ],
                "self": false,
                "to_port": 6443
              }
            ],
            "id": "sg-0a90077d03260b31b",
            "ingress": [
              {
                "cidr_blocks": [
                  "88.162.198.72/32"
                ],
                "description": "",
                "from_port": 22,
                "ipv6_cidr_blocks": [],
                "prefix_list_ids": [],
                "protocol": "tcp",
                "security_groups": [],
                "self": false,
                "to_port": 22
              }
            ],
            "name": "workstation-sg",
            "name_prefix": "",
            "owner_id": "247625421810",
            "region": "eu-west-3",
            "revoke_rules_on_delete": false,
            "tags": {
              "Name": "workstation-sg",
              "Owner": "Thomas Tuminaro",
              "Project": "tf-k8s-aws"
            },
            "tags_all": {
              "Name": "workstation-sg",
              "Owner": "Thomas Tuminaro",
              "Project": "tf-k8s-aws"
            },
            "timeouts": null,
            "vpc_id": "vpc-0a69937743873a980"
          },
          "sensitive_attributes": [],
          "identity_schema_version": 0,
          "identity": {
            "account_id": "247625421810",
            "id": "sg-0a90077d03260b31b",
            "region": "eu-west-3"
          },
          "private": "eyJlMmJmYjczMC1lY2FhLTExZTYtOGY4OC0zNDM2M2JjN2M0YzAiOnsiY3JlYXRlIjo2MDAwMDAwMDAwMDAsImRlbGV0ZSI6OTAwMDAwMDAwMDAwfSwic2NoZW1hX3ZlcnNpb24iOiIxIn0=",
          "dependencies": [
            "module.networking.aws_vpc.main"
          ],
          "create_before_destroy": true
        }
      ]
    },
    {
      "module": "module.networking",
      "mode": "managed",
      "type": "aws_subnet",
      "name": "cp",
      "provider": "provider[\"registry.terraform.io/hashicorp/aws\"]",
      "instances": [
        {
          "index_key": "controlplane01",
          "schema_version": 1,
          "attributes": {
            "arn": "arn:aws:ec2:eu-west-3:247625421810:subnet/subnet-0285e5f8c75a7f4c1",
            "assign_ipv6_address_on_creation": false,
            "availability_zone": "eu-west-3a",
            "availability_zone_id": "euw3-az1",
            "cidr_block": "10.0.10.0/24",
            "customer_owned_ipv4_pool": "",
            "enable_dns64": false,
            "enable_lni_at_device_index": 0,
            "enable_resource_name_dns_a_record_on_launch": false,
            "enable_resource_name_dns_aaaa_record_on_launch": false,
            "id": "subnet-0285e5f8c75a7f4c1",
            "ipv4_ipam_pool_id": null,
            "ipv4_netmask_length": null,
            "ipv6_cidr_block": "",
            "ipv6_cidr_block_association_id": "",
            "ipv6_ipam_pool_id": null,
            "ipv6_native": false,
            "ipv6_netmask_length": null,
            "map_customer_owned_ip_on_launch": false,
            "map_public_ip_on_launch": false,
            "outpost_arn": "",
            "owner_id": "247625421810",
            "private_dns_hostname_type_on_launch": "ip-name",
            "region": "eu-west-3",
            "tags": {
              "Name": "controlplane01",
              "Owner": "Thomas Tuminaro",
              "Project": "tf-k8s-aws"
            },
            "tags_all": {
              "Name": "controlplane01",
              "Owner": "Thomas Tuminaro",
              "Project": "tf-k8s-aws"
            },
            "timeouts": null,
            "vpc_id": "vpc-0a69937743873a980"
          },
          "sensitive_attributes": [],
          "identity_schema_version": 0,
          "identity": {
            "account_id": "247625421810",
            "id": "subnet-0285e5f8c75a7f4c1",
            "region": "eu-west-3"
          },
          "private": "eyJlMmJmYjczMC1lY2FhLTExZTYtOGY4OC0zNDM2M2JjN2M0YzAiOnsiY3JlYXRlIjo2MDAwMDAwMDAwMDAsImRlbGV0ZSI6MTIwMDAwMDAwMDAwMH0sInNjaGVtYV92ZXJzaW9uIjoiMSJ9",
          "dependencies": [
            "module.networking.aws_vpc.main",
            "module.networking.data.aws_availability_zones.available"
          ]
        },
        {
          "index_key": "controlplane02",
          "schema_version": 1,
          "attributes": {
            "arn": "arn:aws:ec2:eu-west-3:247625421810:subnet/subnet-0d09632f37e74923c",
            "assign_ipv6_address_on_creation": false,
            "availability_zone": "eu-west-3b",
            "availability_zone_id": "euw3-az2",
            "cidr_block": "10.0.11.0/24",
            "customer_owned_ipv4_pool": "",
            "enable_dns64": false,
            "enable_lni_at_device_index": 0,
            "enable_resource_name_dns_a_record_on_launch": false,
            "enable_resource_name_dns_aaaa_record_on_launch": false,
            "id": "subnet-0d09632f37e74923c",
            "ipv4_ipam_pool_id": null,
            "ipv4_netmask_length": null,
            "ipv6_cidr_block": "",
            "ipv6_cidr_block_association_id": "",
            "ipv6_ipam_pool_id": null,
            "ipv6_native": false,
            "ipv6_netmask_length": null,
            "map_customer_owned_ip_on_launch": false,
            "map_public_ip_on_launch": false,
            "outpost_arn": "",
            "owner_id": "247625421810",
            "private_dns_hostname_type_on_launch": "ip-name",
            "region": "eu-west-3",
            "tags": {
              "Name": "controlplane02",
              "Owner": "Thomas Tuminaro",
              "Project": "tf-k8s-aws"
            },
            "tags_all": {
              "Name": "controlplane02",
              "Owner": "Thomas Tuminaro",
              "Project": "tf-k8s-aws"
            },
            "timeouts": null,
            "vpc_id": "vpc-0a69937743873a980"
          },
          "sensitive_attributes": [],
          "identity_schema_version": 0,
          "identity": {
            "account_id": "247625421810",
            "id": "subnet-0d09632f37e74923c",
            "region": "eu-west-3"
          },
          "private": "eyJlMmJmYjczMC1lY2FhLTExZTYtOGY4OC0zNDM2M2JjN2M0YzAiOnsiY3JlYXRlIjo2MDAwMDAwMDAwMDAsImRlbGV0ZSI6MTIwMDAwMDAwMDAwMH0sInNjaGVtYV92ZXJzaW9uIjoiMSJ9",
          "dependencies": [
            "module.networking.aws_vpc.main",
            "module.networking.data.aws_availability_zones.available"
          ]
        },
        {
          "index_key": "controlplane03",
          "schema_version": 1,
          "attributes": {
            "arn": "arn:aws:ec2:eu-west-3:247625421810:subnet/subnet-0fbb670f83cad8170",
            "assign_ipv6_address_on_creation": false,
            "availability_zone": "eu-west-3c",
            "availability_zone_id": "euw3-az3",
            "cidr_block": "10.0.12.0/24",
            "customer_owned_ipv4_pool": "",
            "enable_dns64": false,
            "enable_lni_at_device_index": 0,
            "enable_resource_name_dns_a_record_on_launch": false,
            "enable_resource_name_dns_aaaa_record_on_launch": false,
            "id": "subnet-0fbb670f83cad8170",
            "ipv4_ipam_pool_id": null,
            "ipv4_netmask_length": null,
            "ipv6_cidr_block": "",
            "ipv6_cidr_block_association_id": "",
            "ipv6_ipam_pool_id": null,
            "ipv6_native": false,
            "ipv6_netmask_length": null,
            "map_customer_owned_ip_on_launch": false,
            "map_public_ip_on_launch": false,
            "outpost_arn": "",
            "owner_id": "247625421810",
            "private_dns_hostname_type_on_launch": "ip-name",
            "region": "eu-west-3",
            "tags": {
              "Name": "controlplane03",
              "Owner": "Thomas Tuminaro",
              "Project": "tf-k8s-aws"
            },
            "tags_all": {
              "Name": "controlplane03",
              "Owner": "Thomas Tuminaro",
              "Project": "tf-k8s-aws"
            },
            "timeouts": null,
            "vpc_id": "vpc-0a69937743873a980"
          },
          "sensitive_attributes": [],
          "identity_schema_version": 0,
          "identity": {
            "account_id": "247625421810",
            "id": "subnet-0fbb670f83cad8170",
            "region": "eu-west-3"
          },
          "private": "eyJlMmJmYjczMC1lY2FhLTExZTYtOGY4OC0zNDM2M2JjN2M0YzAiOnsiY3JlYXRlIjo2MDAwMDAwMDAwMDAsImRlbGV0ZSI6MTIwMDAwMDAwMDAwMH0sInNjaGVtYV92ZXJzaW9uIjoiMSJ9",
          "dependencies": [
            "module.networking.aws_vpc.main",
            "module.networking.data.aws_availability_zones.available"
          ]
        }
      ]
    },
    {
      "module": "module.networking",
      "mode": "managed",
      "type": "aws_subnet",
      "name": "worker",
      "provider": "provider[\"registry.terraform.io/hashicorp/aws\"]",
      "instances": [
        {
          "schema_version": 1,
          "attributes": {
            "arn": "arn:aws:ec2:eu-west-3:247625421810:subnet/subnet-0016efa36b4cb4b40",
            "assign_ipv6_address_on_creation": false,
            "availability_zone": "eu-west-3b",
            "availability_zone_id": "euw3-az2",
            "cidr_block": "10.0.13.0/24",
            "customer_owned_ipv4_pool": "",
            "enable_dns64": false,
            "enable_lni_at_device_index": 0,
            "enable_resource_name_dns_a_record_on_launch": false,
            "enable_resource_name_dns_aaaa_record_on_launch": false,
            "id": "subnet-0016efa36b4cb4b40",
            "ipv4_ipam_pool_id": null,
            "ipv4_netmask_length": null,
            "ipv6_cidr_block": "",
            "ipv6_cidr_block_association_id": "",
            "ipv6_ipam_pool_id": null,
            "ipv6_native": false,
            "ipv6_netmask_length": null,
            "map_customer_owned_ip_on_launch": false,
            "map_public_ip_on_launch": false,
            "outpost_arn": "",
            "owner_id": "247625421810",
            "private_dns_hostname_type_on_launch": "ip-name",
            "region": "eu-west-3",
            "tags": {
              "Name": "workers",
              "Owner": "Thomas Tuminaro",
              "Project": "tf-k8s-aws"
            },
            "tags_all": {
              "Name": "workers",
              "Owner": "Thomas Tuminaro",
              "Project": "tf-k8s-aws"
            },
            "timeouts": null,
            "vpc_id": "vpc-0a69937743873a980"
          },
          "sensitive_attributes": [],
          "identity_schema_version": 0,
          "identity": {
            "account_id": "247625421810",
            "id": "subnet-0016efa36b4cb4b40",
            "region": "eu-west-3"
          },
          "private": "eyJlMmJmYjczMC1lY2FhLTExZTYtOGY4OC0zNDM2M2JjN2M0YzAiOnsiY3JlYXRlIjo2MDAwMDAwMDAwMDAsImRlbGV0ZSI6MTIwMDAwMDAwMDAwMH0sInNjaGVtYV92ZXJzaW9uIjoiMSJ9",
          "dependencies": [
            "module.networking.aws_vpc.main"
          ]
        }
      ]
    },
    {
      "module": "module.networking",
      "mode": "managed",
      "type": "aws_subnet",
      "name": "workstation",
      "provider": "provider[\"registry.terraform.io/hashicorp/aws\"]",
      "instances": [
        {
          "schema_version": 1,
          "attributes": {
            "arn": "arn:aws:ec2:eu-west-3:247625421810:subnet/subnet-0c1faa81a88117e88",
            "assign_ipv6_address_on_creation": false,
            "availability_zone": "eu-west-3c",
            "availability_zone_id": "euw3-az3",
            "cidr_block": "10.0.14.0/24",
            "customer_owned_ipv4_pool": "",
            "enable_dns64": false,
            "enable_lni_at_device_index": 0,
            "enable_resource_name_dns_a_record_on_launch": false,
            "enable_resource_name_dns_aaaa_record_on_launch": false,
            "id": "subnet-0c1faa81a88117e88",
            "ipv4_ipam_pool_id": null,
            "ipv4_netmask_length": null,
            "ipv6_cidr_block": "",
            "ipv6_cidr_block_association_id": "",
            "ipv6_ipam_pool_id": null,
            "ipv6_native": false,
            "ipv6_netmask_length": null,
            "map_customer_owned_ip_on_launch": false,
            "map_public_ip_on_launch": true,
            "outpost_arn": "",
            "owner_id": "247625421810",
            "private_dns_hostname_type_on_launch": "ip-name",
            "region": "eu-west-3",
            "tags": {
              "Name": "workstation",
              "Owner": "Thomas Tuminaro",
              "Project": "tf-k8s-aws"
            },
            "tags_all": {
              "Name": "workstation",
              "Owner": "Thomas Tuminaro",
              "Project": "tf-k8s-aws"
            },
            "timeouts": null,
            "vpc_id": "vpc-0a69937743873a980"
          },
          "sensitive_attributes": [],
          "identity_schema_version": 0,
          "identity": {
            "account_id": "247625421810",
            "id": "subnet-0c1faa81a88117e88",
            "region": "eu-west-3"
          },
          "private": "eyJlMmJmYjczMC1lY2FhLTExZTYtOGY4OC0zNDM2M2JjN2M0YzAiOnsiY3JlYXRlIjo2MDAwMDAwMDAwMDAsImRlbGV0ZSI6MTIwMDAwMDAwMDAwMH0sInNjaGVtYV92ZXJzaW9uIjoiMSJ9",
          "dependencies": [
            "module.networking.aws_vpc.main"
          ],
          "create_before_destroy": true
        }
      ]
    },
    {
      "module": "module.networking",
      "mode": "managed",
      "type": "aws_vpc",
      "name": "main",
      "provider": "provider[\"registry.terraform.io/hashicorp/aws\"]",
      "instances": [
        {
          "schema_version": 1,
          "attributes": {
            "arn": "arn:aws:ec2:eu-west-3:247625421810:vpc/vpc-0a69937743873a980",
            "assign_generated_ipv6_cidr_block": false,
            "cidr_block": "10.0.0.0/16",
            "default_network_acl_id": "acl-0df1a8aa60e9ba0b8",
            "default_route_table_id": "rtb-0dc99affa2fe5b5ab",
            "default_security_group_id": "sg-0a84b260a3b4378be",
            "dhcp_options_id": "dopt-0629cebb18b90371d",
            "enable_dns_hostnames": true,
            "enable_dns_support": true,
            "enable_network_address_usage_metrics": false,
            "id": "vpc-0a69937743873a980",
            "instance_tenancy": "default",
            "ipv4_ipam_pool_id": null,
            "ipv4_netmask_length": null,
            "ipv6_association_id": "",
            "ipv6_cidr_block": "",
            "ipv6_cidr_block_network_border_group": "",
            "ipv6_ipam_pool_id": "",
            "ipv6_netmask_length": 0,
            "main_route_table_id": "rtb-0dc99affa2fe5b5ab",
            "owner_id": "247625421810",
            "region": "eu-west-3",
            "tags": {
              "Name": "kubernetes",
              "Owner": "Thomas Tuminaro",
              "Project": "tf-k8s-aws"
            },
            "tags_all": {
              "Name": "kubernetes",
              "Owner": "Thomas Tuminaro",
              "Project": "tf-k8s-aws"
            }
          },
          "sensitive_attributes": [],
          "identity_schema_version": 0,
          "identity": {
            "account_id": "247625421810",
            "id": "vpc-0a69937743873a980",
            "region": "eu-west-3"
          },
          "private": "eyJzY2hlbWFfdmVyc2lvbiI6IjEifQ==",
          "create_before_destroy": true
        }
      ]
    },
    {
      "module": "module.networking",
      "mode": "managed",
      "type": "aws_vpc_security_group_egress_rule",
      "name": "allow_all_to_cp_wk",
      "provider": "provider[\"registry.terraform.io/hashicorp/aws\"]",
      "instances": [
        {
          "schema_version": 0,
          "attributes": {
            "arn": "arn:aws:ec2:eu-west-3:247625421810:security-group-rule/sgr-03234f08a0b4919bc",
            "cidr_ipv4": null,
            "cidr_ipv6": null,
            "description": null,
            "from_port": null,
            "id": "sgr-03234f08a0b4919bc",
            "ip_protocol": "-1",
            "prefix_list_id": null,
            "referenced_security_group_id": "sg-0a3b63e4d5b9f192b",
            "region": "eu-west-3",
            "security_group_id": "sg-0a3b63e4d5b9f192b",
            "security_group_rule_id": "sgr-03234f08a0b4919bc",
            "tags": null,
            "tags_all": {},
            "to_port": null
          },
          "sensitive_attributes": [],
          "identity_schema_version": 0,
          "identity": {
            "account_id": "247625421810",
            "id": "sgr-03234f08a0b4919bc",
            "region": "eu-west-3"
          },
          "dependencies": [
            "module.networking.aws_security_group.cp",
            "module.networking.aws_vpc.main"
          ]
        }
      ]
    },
    {
      "module": "module.networking",
      "mode": "managed",
      "type": "aws_vpc_security_group_egress_rule",
      "name": "allow_all_to_workers_cp",
      "provider": "provider[\"registry.terraform.io/hashicorp/aws\"]",
      "instances": [
        {
          "schema_version": 0,
          "attributes": {
            "arn": "arn:aws:ec2:eu-west-3:247625421810:security-group-rule/sgr-0d1ab49c7a1242cb9",
            "cidr_ipv4": null,
            "cidr_ipv6": null,
            "description": null,
            "from_port": null,
            "id": "sgr-0d1ab49c7a1242cb9",
            "ip_protocol": "-1",
            "prefix_list_id": null,
            "referenced_security_group_id": "sg-06d17256b4bc1baf9",
            "region": "eu-west-3",
            "security_group_id": "sg-0a3b63e4d5b9f192b",
            "security_group_rule_id": "sgr-0d1ab49c7a1242cb9",
            "tags": null,
            "tags_all": {},
            "to_port": null
          },
          "sensitive_attributes": [],
          "identity_schema_version": 0,
          "identity": {
            "account_id": "247625421810",
            "id": "sgr-0d1ab49c7a1242cb9",
            "region": "eu-west-3"
          },
          "dependencies": [
            "module.networking.aws_security_group.cp",
            "module.networking.aws_security_group.wk",
            "module.networking.aws_vpc.main"
          ]
        }
      ]
    },
    {
      "module": "module.networking",
      "mode": "managed",
      "type": "aws_vpc_security_group_egress_rule",
      "name": "allow_egress_all_cp",
      "provider": "provider[\"registry.terraform.io/hashicorp/aws\"]",
      "instances": [
        {
          "schema_version": 0,
          "attributes": {
            "arn": "arn:aws:ec2:eu-west-3:247625421810:security-group-rule/sgr-040d0ce087136a17f",
            "cidr_ipv4": "0.0.0.0/0",
            "cidr_ipv6": null,
            "description": null,
            "from_port": null,
            "id": "sgr-040d0ce087136a17f",
            "ip_protocol": "-1",
            "prefix_list_id": null,
            "referenced_security_group_id": null,
            "region": "eu-west-3",
            "security_group_id": "sg-0a3b63e4d5b9f192b",
            "security_group_rule_id": "sgr-040d0ce087136a17f",
            "tags": null,
            "tags_all": {},
            "to_port": null
          },
          "sensitive_attributes": [],
          "identity_schema_version": 0,
          "identity": {
            "account_id": "247625421810",
            "id": "sgr-040d0ce087136a17f",
            "region": "eu-west-3"
          },
          "dependencies": [
            "module.networking.aws_security_group.cp",
            "module.networking.aws_vpc.main"
          ]
        }
      ]
    },
    {
      "module": "module.networking",
      "mode": "managed",
      "type": "aws_vpc_security_group_egress_rule",
      "name": "allow_egress_all_wk",
      "provider": "provider[\"registry.terraform.io/hashicorp/aws\"]",
      "instances": [
        {
          "schema_version": 0,
          "attributes": {
            "arn": "arn:aws:ec2:eu-west-3:247625421810:security-group-rule/sgr-09729e8791c6499d5",
            "cidr_ipv4": "0.0.0.0/0",
            "cidr_ipv6": null,
            "description": null,
            "from_port": null,
            "id": "sgr-09729e8791c6499d5",
            "ip_protocol": "-1",
            "prefix_list_id": null,
            "referenced_security_group_id": null,
            "region": "eu-west-3",
            "security_group_id": "sg-06d17256b4bc1baf9",
            "security_group_rule_id": "sgr-09729e8791c6499d5",
            "tags": null,
            "tags_all": {},
            "to_port": null
          },
          "sensitive_attributes": [],
          "identity_schema_version": 0,
          "identity": {
            "account_id": "247625421810",
            "id": "sgr-09729e8791c6499d5",
            "region": "eu-west-3"
          },
          "dependencies": [
            "module.networking.aws_security_group.wk",
            "module.networking.aws_vpc.main"
          ]
        }
      ]
    },
    {
      "module": "module.networking",
      "mode": "managed",
      "type": "aws_vpc_security_group_egress_rule",
      "name": "allow_egress_all_workstation",
      "provider": "provider[\"registry.terraform.io/hashicorp/aws\"]",
      "instances": [
        {
          "schema_version": 0,
          "attributes": {
            "arn": "arn:aws:ec2:eu-west-3:247625421810:security-group-rule/sgr-0c07e14593fed5202",
            "cidr_ipv4": "0.0.0.0/0",
            "cidr_ipv6": null,
            "description": null,
            "from_port": null,
            "id": "sgr-0c07e14593fed5202",
            "ip_protocol": "-1",
            "prefix_list_id": null,
            "referenced_security_group_id": null,
            "region": "eu-west-3",
            "security_group_id": "sg-0a90077d03260b31b",
            "security_group_rule_id": "sgr-0c07e14593fed5202",
            "tags": null,
            "tags_all": {},
            "to_port": null
          },
          "sensitive_attributes": [],
          "identity_schema_version": 0,
          "identity": {
            "account_id": "247625421810",
            "id": "sgr-0c07e14593fed5202",
            "region": "eu-west-3"
          },
          "dependencies": [
            "module.networking.aws_security_group.workstation",
            "module.networking.aws_vpc.main"
          ]
        }
      ]
    },
    {
      "module": "module.networking",
      "mode": "managed",
      "type": "aws_vpc_security_group_egress_rule",
      "name": "allow_kube_to_cp_workstation",
      "provider": "provider[\"registry.terraform.io/hashicorp/aws\"]",
      "instances": [
        {
          "schema_version": 0,
          "attributes": {
            "arn": "arn:aws:ec2:eu-west-3:247625421810:security-group-rule/sgr-08dac05ff4ea51328",
            "cidr_ipv4": null,
            "cidr_ipv6": null,
            "description": null,
            "from_port": 6443,
            "id": "sgr-08dac05ff4ea51328",
            "ip_protocol": "tcp",
            "prefix_list_id": null,
            "referenced_security_group_id": "sg-0a3b63e4d5b9f192b",
            "region": "eu-west-3",
            "security_group_id": "sg-0a90077d03260b31b",
            "security_group_rule_id": "sgr-08dac05ff4ea51328",
            "tags": null,
            "tags_all": {},
            "to_port": 6443
          },
          "sensitive_attributes": [],
          "identity_schema_version": 0,
          "identity": {
            "account_id": "247625421810",
            "id": "sgr-08dac05ff4ea51328",
            "region": "eu-west-3"
          },
          "dependencies": [
            "module.networking.aws_security_group.cp",
            "module.networking.aws_security_group.workstation",
            "module.networking.aws_vpc.main"
          ]
        }
      ]
    },
    {
      "module": "module.networking",
      "mode": "managed",
      "type": "aws_vpc_security_group_egress_rule",
      "name": "allow_ssh_to_cp_workstation",
      "provider": "provider[\"registry.terraform.io/hashicorp/aws\"]",
      "instances": [
        {
          "schema_version": 0,
          "attributes": {
            "arn": "arn:aws:ec2:eu-west-3:247625421810:security-group-rule/sgr-04cba576d8019b6c1",
            "cidr_ipv4": null,
            "cidr_ipv6": null,
            "description": null,
            "from_port": 22,
            "id": "sgr-04cba576d8019b6c1",
            "ip_protocol": "tcp",
            "prefix_list_id": null,
            "referenced_security_group_id": "sg-0a3b63e4d5b9f192b",
            "region": "eu-west-3",
            "security_group_id": "sg-0a90077d03260b31b",
            "security_group_rule_id": "sgr-04cba576d8019b6c1",
            "tags": null,
            "tags_all": {},
            "to_port": 22
          },
          "sensitive_attributes": [],
          "identity_schema_version": 0,
          "identity": {
            "account_id": "247625421810",
            "id": "sgr-04cba576d8019b6c1",
            "region": "eu-west-3"
          },
          "dependencies": [
            "module.networking.aws_security_group.cp",
            "module.networking.aws_security_group.workstation",
            "module.networking.aws_vpc.main"
          ]
        }
      ]
    },
    {
      "module": "module.networking",
      "mode": "managed",
      "type": "aws_vpc_security_group_egress_rule",
      "name": "allow_ssh_to_wk_workstation",
      "provider": "provider[\"registry.terraform.io/hashicorp/aws\"]",
      "instances": [
        {
          "schema_version": 0,
          "attributes": {
            "arn": "arn:aws:ec2:eu-west-3:247625421810:security-group-rule/sgr-0ac5b0201a2a3544b",
            "cidr_ipv4": null,
            "cidr_ipv6": null,
            "description": null,
            "from_port": 22,
            "id": "sgr-0ac5b0201a2a3544b",
            "ip_protocol": "tcp",
            "prefix_list_id": null,
            "referenced_security_group_id": "sg-06d17256b4bc1baf9",
            "region": "eu-west-3",
            "security_group_id": "sg-0a90077d03260b31b",
            "security_group_rule_id": "sgr-0ac5b0201a2a3544b",
            "tags": null,
            "tags_all": {},
            "to_port": 22
          },
          "sensitive_attributes": [],
          "identity_schema_version": 0,
          "identity": {
            "account_id": "247625421810",
            "id": "sgr-0ac5b0201a2a3544b",
            "region": "eu-west-3"
          },
          "dependencies": [
            "module.networking.aws_security_group.wk",
            "module.networking.aws_security_group.workstation",
            "module.networking.aws_vpc.main"
          ]
        }
      ]
    },
    {
      "module": "module.networking",
      "mode": "managed",
      "type": "aws_vpc_security_group_egress_rule",
      "name": "allow_workstation_to_nfs",
      "provider": "provider[\"registry.terraform.io/hashicorp/aws\"]",
      "instances": [
        {
          "schema_version": 0,
          "attributes": {
            "arn": "arn:aws:ec2:eu-west-3:247625421810:security-group-rule/sgr-0facbc2ac4de792ef",
            "cidr_ipv4": null,
            "cidr_ipv6": null,
            "description": null,
            "from_port": 2049,
            "id": "sgr-0facbc2ac4de792ef",
            "ip_protocol": "tcp",
            "prefix_list_id": null,
            "referenced_security_group_id": "sg-07ff846d30b1b2fbc",
            "region": "eu-west-3",
            "security_group_id": "sg-0a90077d03260b31b",
            "security_group_rule_id": "sgr-0facbc2ac4de792ef",
            "tags": null,
            "tags_all": {},
            "to_port": 2049
          },
          "sensitive_attributes": [],
          "identity_schema_version": 0,
          "identity": {
            "account_id": "247625421810",
            "id": "sgr-0facbc2ac4de792ef",
            "region": "eu-west-3"
          },
          "dependencies": [
            "module.networking.aws_security_group.efs",
            "module.networking.aws_security_group.workstation",
            "module.networking.aws_vpc.main"
          ]
        }
      ]
    },
    {
      "module": "module.networking",
      "mode": "managed",
      "type": "aws_vpc_security_group_egress_rule",
      "name": "lbcp",
      "provider": "provider[\"registry.terraform.io/hashicorp/aws\"]",
      "instances": [
        {
          "schema_version": 0,
          "attributes": {
            "arn": "arn:aws:ec2:eu-west-3:247625421810:security-group-rule/sgr-08eedf7b0f736bcc8",
            "cidr_ipv4": null,
            "cidr_ipv6": null,
            "description": null,
            "from_port": 6443,
            "id": "sgr-08eedf7b0f736bcc8",
            "ip_protocol": "tcp",
            "prefix_list_id": null,
            "referenced_security_group_id": "sg-0a3b63e4d5b9f192b",
            "region": "eu-west-3",
            "security_group_id": "sg-03768d4486d2bbdd2",
            "security_group_rule_id": "sgr-08eedf7b0f736bcc8",
            "tags": null,
            "tags_all": {},
            "to_port": 6443
          },
          "sensitive_attributes": [],
          "identity_schema_version": 0,
          "identity": {
            "account_id": "247625421810",
            "id": "sgr-08eedf7b0f736bcc8",
            "region": "eu-west-3"
          },
          "dependencies": [
            "module.networking.aws_security_group.cp",
            "module.networking.aws_security_group.lb",
            "module.networking.aws_vpc.main"
          ]
        }
      ]
    },
    {
      "module": "module.networking",
      "mode": "managed",
      "type": "aws_vpc_security_group_ingress_rule",
      "name": "allow_all_from_cp_wk",
      "provider": "provider[\"registry.terraform.io/hashicorp/aws\"]",
      "instances": [
        {
          "schema_version": 0,
          "attributes": {
            "arn": "arn:aws:ec2:eu-west-3:247625421810:security-group-rule/sgr-0ec7feeb574495255",
            "cidr_ipv4": null,
            "cidr_ipv6": null,
            "description": null,
            "from_port": null,
            "id": "sgr-0ec7feeb574495255",
            "ip_protocol": "-1",
            "prefix_list_id": null,
            "referenced_security_group_id": "sg-0a3b63e4d5b9f192b",
            "region": "eu-west-3",
            "security_group_id": "sg-0a3b63e4d5b9f192b",
            "security_group_rule_id": "sgr-0ec7feeb574495255",
            "tags": null,
            "tags_all": {},
            "to_port": null
          },
          "sensitive_attributes": [],
          "identity_schema_version": 0,
          "identity": {
            "account_id": "247625421810",
            "id": "sgr-0ec7feeb574495255",
            "region": "eu-west-3"
          },
          "dependencies": [
            "module.networking.aws_security_group.cp",
            "module.networking.aws_vpc.main"
          ]
        }
      ]
    },
    {
      "module": "module.networking",
      "mode": "managed",
      "type": "aws_vpc_security_group_ingress_rule",
      "name": "allow_all_from_workers_cp",
      "provider": "provider[\"registry.terraform.io/hashicorp/aws\"]",
      "instances": [
        {
          "schema_version": 0,
          "attributes": {
            "arn": "arn:aws:ec2:eu-west-3:247625421810:security-group-rule/sgr-087af7f42adba4a6d",
            "cidr_ipv4": null,
            "cidr_ipv6": null,
            "description": null,
            "from_port": null,
            "id": "sgr-087af7f42adba4a6d",
            "ip_protocol": "-1",
            "prefix_list_id": null,
            "referenced_security_group_id": "sg-06d17256b4bc1baf9",
            "region": "eu-west-3",
            "security_group_id": "sg-0a3b63e4d5b9f192b",
            "security_group_rule_id": "sgr-087af7f42adba4a6d",
            "tags": null,
            "tags_all": {},
            "to_port": null
          },
          "sensitive_attributes": [],
          "identity_schema_version": 0,
          "identity": {
            "account_id": "247625421810",
            "id": "sgr-087af7f42adba4a6d",
            "region": "eu-west-3"
          },
          "dependencies": [
            "module.networking.aws_security_group.cp",
            "module.networking.aws_security_group.wk",
            "module.networking.aws_vpc.main"
          ]
        }
      ]
    },
    {
      "module": "module.networking",
      "mode": "managed",
      "type": "aws_vpc_security_group_ingress_rule",
      "name": "allow_health_check_lb",
      "provider": "provider[\"registry.terraform.io/hashicorp/aws\"]",
      "instances": [
        {
          "schema_version": 0,
          "attributes": {
            "arn": "arn:aws:ec2:eu-west-3:247625421810:security-group-rule/sgr-019374d24aa5ca6e6",
            "cidr_ipv4": null,
            "cidr_ipv6": null,
            "description": null,
            "from_port": 6443,
            "id": "sgr-019374d24aa5ca6e6",
            "ip_protocol": "tcp",
            "prefix_list_id": null,
            "referenced_security_group_id": "sg-03768d4486d2bbdd2",
            "region": "eu-west-3",
            "security_group_id": "sg-0a3b63e4d5b9f192b",
            "security_group_rule_id": "sgr-019374d24aa5ca6e6",
            "tags": null,
            "tags_all": {},
            "to_port": 6443
          },
          "sensitive_attributes": [],
          "identity_schema_version": 0,
          "identity": {
            "account_id": "247625421810",
            "id": "sgr-019374d24aa5ca6e6",
            "region": "eu-west-3"
          },
          "dependencies": [
            "module.networking.aws_security_group.cp",
            "module.networking.aws_security_group.lb",
            "module.networking.aws_vpc.main"
          ]
        }
      ]
    },
    {
      "module": "module.networking",
      "mode": "managed",
      "type": "aws_vpc_security_group_ingress_rule",
      "name": "allow_kube_from_workstation_cp",
      "provider": "provider[\"registry.terraform.io/hashicorp/aws\"]",
      "instances": [
        {
          "schema_version": 0,
          "attributes": {
            "arn": "arn:aws:ec2:eu-west-3:247625421810:security-group-rule/sgr-0b4fcaaf6f0918856",
            "cidr_ipv4": null,
            "cidr_ipv6": null,
            "description": null,
            "from_port": 6443,
            "id": "sgr-0b4fcaaf6f0918856",
            "ip_protocol": "tcp",
            "prefix_list_id": null,
            "referenced_security_group_id": "sg-0a90077d03260b31b",
            "region": "eu-west-3",
            "security_group_id": "sg-0a3b63e4d5b9f192b",
            "security_group_rule_id": "sgr-0b4fcaaf6f0918856",
            "tags": null,
            "tags_all": {},
            "to_port": 6443
          },
          "sensitive_attributes": [],
          "identity_schema_version": 0,
          "identity": {
            "account_id": "247625421810",
            "id": "sgr-0b4fcaaf6f0918856",
            "region": "eu-west-3"
          },
          "dependencies": [
            "module.networking.aws_security_group.cp",
            "module.networking.aws_security_group.workstation",
            "module.networking.aws_vpc.main"
          ]
        }
      ]
    },
    {
      "module": "module.networking",
      "mode": "managed",
      "type": "aws_vpc_security_group_ingress_rule",
      "name": "allow_ssh_from_mac_workstation",
      "provider": "provider[\"registry.terraform.io/hashicorp/aws\"]",
      "instances": [
        {
          "schema_version": 0,
          "attributes": {
            "arn": "arn:aws:ec2:eu-west-3:247625421810:security-group-rule/sgr-0d39af71be3b6661b",
            "cidr_ipv4": "88.162.198.72/32",
            "cidr_ipv6": null,
            "description": null,
            "from_port": 22,
            "id": "sgr-0d39af71be3b6661b",
            "ip_protocol": "tcp",
            "prefix_list_id": null,
            "referenced_security_group_id": null,
            "region": "eu-west-3",
            "security_group_id": "sg-0a90077d03260b31b",
            "security_group_rule_id": "sgr-0d39af71be3b6661b",
            "tags": null,
            "tags_all": {},
            "to_port": 22
          },
          "sensitive_attributes": [],
          "identity_schema_version": 0,
          "identity": {
            "account_id": "247625421810",
            "id": "sgr-0d39af71be3b6661b",
            "region": "eu-west-3"
          },
          "dependencies": [
            "module.networking.aws_security_group.workstation",
            "module.networking.aws_vpc.main"
          ]
        }
      ]
    },
    {
      "module": "module.networking",
      "mode": "managed",
      "type": "aws_vpc_security_group_ingress_rule",
      "name": "allow_ssh_from_workstation_cp",
      "provider": "provider[\"registry.terraform.io/hashicorp/aws\"]",
      "instances": [
        {
          "schema_version": 0,
          "attributes": {
            "arn": "arn:aws:ec2:eu-west-3:247625421810:security-group-rule/sgr-04baa89d3b78ef59e",
            "cidr_ipv4": null,
            "cidr_ipv6": null,
            "description": null,
            "from_port": 22,
            "id": "sgr-04baa89d3b78ef59e",
            "ip_protocol": "tcp",
            "prefix_list_id": null,
            "referenced_security_group_id": "sg-0a90077d03260b31b",
            "region": "eu-west-3",
            "security_group_id": "sg-0a3b63e4d5b9f192b",
            "security_group_rule_id": "sgr-04baa89d3b78ef59e",
            "tags": null,
            "tags_all": {},
            "to_port": 22
          },
          "sensitive_attributes": [],
          "identity_schema_version": 0,
          "identity": {
            "account_id": "247625421810",
            "id": "sgr-04baa89d3b78ef59e",
            "region": "eu-west-3"
          },
          "dependencies": [
            "module.networking.aws_security_group.cp",
            "module.networking.aws_security_group.workstation",
            "module.networking.aws_vpc.main"
          ]
        }
      ]
    },
    {
      "module": "module.networking",
      "mode": "managed",
      "type": "aws_vpc_security_group_ingress_rule",
      "name": "allow_ssh_from_workstation_wk",
      "provider": "provider[\"registry.terraform.io/hashicorp/aws\"]",
      "instances": [
        {
          "schema_version": 0,
          "attributes": {
            "arn": "arn:aws:ec2:eu-west-3:247625421810:security-group-rule/sgr-0aee9ee7edf6234f9",
            "cidr_ipv4": null,
            "cidr_ipv6": null,
            "description": null,
            "from_port": 22,
            "id": "sgr-0aee9ee7edf6234f9",
            "ip_protocol": "tcp",
            "prefix_list_id": null,
            "referenced_security_group_id": "sg-0a90077d03260b31b",
            "region": "eu-west-3",
            "security_group_id": "sg-06d17256b4bc1baf9",
            "security_group_rule_id": "sgr-0aee9ee7edf6234f9",
            "tags": null,
            "tags_all": {},
            "to_port": 22
          },
          "sensitive_attributes": [],
          "identity_schema_version": 0,
          "identity": {
            "account_id": "247625421810",
            "id": "sgr-0aee9ee7edf6234f9",
            "region": "eu-west-3"
          },
          "dependencies": [
            "module.networking.aws_security_group.wk",
            "module.networking.aws_security_group.workstation",
            "module.networking.aws_vpc.main"
          ]
        }
      ]
    },
    {
      "module": "module.networking",
      "mode": "managed",
      "type": "aws_vpc_security_group_ingress_rule",
      "name": "efs",
      "provider": "provider[\"registry.terraform.io/hashicorp/aws\"]",
      "instances": [
        {
          "schema_version": 0,
          "attributes": {
            "arn": "arn:aws:ec2:eu-west-3:247625421810:security-group-rule/sgr-015752a33ab86b826",
            "cidr_ipv4": null,
            "cidr_ipv6": null,
            "description": null,
            "from_port": 2049,
            "id": "sgr-015752a33ab86b826",
            "ip_protocol": "tcp",
            "prefix_list_id": null,
            "referenced_security_group_id": "sg-0a90077d03260b31b",
            "region": "eu-west-3",
            "security_group_id": "sg-07ff846d30b1b2fbc",
            "security_group_rule_id": "sgr-015752a33ab86b826",
            "tags": null,
            "tags_all": {},
            "to_port": 2049
          },
          "sensitive_attributes": [],
          "identity_schema_version": 0,
          "identity": {
            "account_id": "247625421810",
            "id": "sgr-015752a33ab86b826",
            "region": "eu-west-3"
          },
          "dependencies": [
            "module.networking.aws_security_group.efs",
            "module.networking.aws_security_group.workstation",
            "module.networking.aws_vpc.main"
          ]
        }
      ]
    },
    {
      "module": "module.networking",
      "mode": "managed",
      "type": "aws_vpc_security_group_ingress_rule",
      "name": "lbcp",
      "provider": "provider[\"registry.terraform.io/hashicorp/aws\"]",
      "instances": [
        {
          "schema_version": 0,
          "attributes": {
            "arn": "arn:aws:ec2:eu-west-3:247625421810:security-group-rule/sgr-090b747ef17e6b62d",
            "cidr_ipv4": null,
            "cidr_ipv6": null,
            "description": null,
            "from_port": null,
            "id": "sgr-090b747ef17e6b62d",
            "ip_protocol": "-1",
            "prefix_list_id": null,
            "referenced_security_group_id": "sg-0a3b63e4d5b9f192b",
            "region": "eu-west-3",
            "security_group_id": "sg-03768d4486d2bbdd2",
            "security_group_rule_id": "sgr-090b747ef17e6b62d",
            "tags": null,
            "tags_all": {},
            "to_port": null
          },
          "sensitive_attributes": [],
          "identity_schema_version": 0,
          "identity": {
            "account_id": "247625421810",
            "id": "sgr-090b747ef17e6b62d",
            "region": "eu-west-3"
          },
          "dependencies": [
            "module.networking.aws_security_group.cp",
            "module.networking.aws_security_group.lb",
            "module.networking.aws_vpc.main"
          ]
        }
      ]
    },
    {
      "module": "module.networking",
      "mode": "managed",
      "type": "aws_vpc_security_group_ingress_rule",
      "name": "lbworker",
      "provider": "provider[\"registry.terraform.io/hashicorp/aws\"]",
      "instances": [
        {
          "schema_version": 0,
          "attributes": {
            "arn": "arn:aws:ec2:eu-west-3:247625421810:security-group-rule/sgr-03360b89832ac7acc",
            "cidr_ipv4": null,
            "cidr_ipv6": null,
            "description": null,
            "from_port": null,
            "id": "sgr-03360b89832ac7acc",
            "ip_protocol": "-1",
            "prefix_list_id": null,
            "referenced_security_group_id": "sg-06d17256b4bc1baf9",
            "region": "eu-west-3",
            "security_group_id": "sg-03768d4486d2bbdd2",
            "security_group_rule_id": "sgr-03360b89832ac7acc",
            "tags": null,
            "tags_all": {},
            "to_port": null
          },
          "sensitive_attributes": [],
          "identity_schema_version": 0,
          "identity": {
            "account_id": "247625421810",
            "id": "sgr-03360b89832ac7acc",
            "region": "eu-west-3"
          },
          "dependencies": [
            "module.networking.aws_security_group.lb",
            "module.networking.aws_security_group.wk",
            "module.networking.aws_vpc.main"
          ]
        }
      ]
    },
    {
      "module": "module.networking",
      "mode": "managed",
      "type": "aws_vpc_security_group_ingress_rule",
      "name": "lbworkstation",
      "provider": "provider[\"registry.terraform.io/hashicorp/aws\"]",
      "instances": [
        {
          "schema_version": 0,
          "attributes": {
            "arn": "arn:aws:ec2:eu-west-3:247625421810:security-group-rule/sgr-085a9b96f2eab3af5",
            "cidr_ipv4": null,
            "cidr_ipv6": null,
            "description": null,
            "from_port": 6443,
            "id": "sgr-085a9b96f2eab3af5",
            "ip_protocol": "tcp",
            "prefix_list_id": null,
            "referenced_security_group_id": "sg-0a90077d03260b31b",
            "region": "eu-west-3",
            "security_group_id": "sg-03768d4486d2bbdd2",
            "security_group_rule_id": "sgr-085a9b96f2eab3af5",
            "tags": null,
            "tags_all": {},
            "to_port": 6443
          },
          "sensitive_attributes": [],
          "identity_schema_version": 0,
          "identity": {
            "account_id": "247625421810",
            "id": "sgr-085a9b96f2eab3af5",
            "region": "eu-west-3"
          },
          "dependencies": [
            "module.networking.aws_security_group.lb",
            "module.networking.aws_security_group.workstation",
            "module.networking.aws_vpc.main"
          ]
        }
      ]
    },
    {
      "module": "module.workstation",
      "mode": "managed",
      "type": "aws_iam_instance_profile",
      "name": "workstation",
      "provider": "provider[\"registry.terraform.io/hashicorp/aws\"]",
      "instances": [
        {
          "schema_version": 0,
          "attributes": {
            "arn": "arn:aws:iam::247625421810:instance-profile/workstation-profile",
            "create_date": "2026-04-24T13:27:50Z",
            "id": "workstation-profile",
            "name": "workstation-profile",
            "name_prefix": "",
            "path": "/",
            "role": "workstation-role",
            "tags": null,
            "tags_all": {},
            "unique_id": "AIPATTJ5ACPZAPVOZBF6H"
          },
          "sensitive_attributes": [],
          "identity_schema_version": 0,
          "identity": {
            "account_id": "247625421810",
            "name": "workstation-profile"
          },
          "private": "bnVsbA==",
          "dependencies": [
            "module.workstation.aws_iam_role.workstation"
          ],
          "create_before_destroy": true
        }
      ]
    },
    {
      "module": "module.workstation",
      "mode": "managed",
      "type": "aws_iam_policy",
      "name": "allowS3workstation",
      "provider": "provider[\"registry.terraform.io/hashicorp/aws\"]",
      "instances": [
        {
          "schema_version": 0,
          "attributes": {
            "arn": "arn:aws:iam::247625421810:policy/allow_workstation_s3_bucket",
            "attachment_count": 0,
            "delay_after_policy_creation_in_ms": null,
            "description": "Will allow workstation to fetch scripts from s3.",
            "id": "arn:aws:iam::247625421810:policy/allow_workstation_s3_bucket",
            "name": "allow_workstation_s3_bucket",
            "name_prefix": "",
            "path": "/",
            "policy": "{\"Statement\":[{\"Action\":[\"s3:ListBucket\"],\"Effect\":\"Allow\",\"Resource\":\"arn:aws:s3:::ansible-config-bucket-tuminaro\"},{\"Action\":[\"s3:GetObject\"],\"Effect\":\"Allow\",\"Resource\":\"arn:aws:s3:::ansible-config-bucket-tuminaro/*\"},{\"Action\":[\"s3:ListAllMyBuckets\"],\"Effect\":\"Allow\",\"Resource\":\"*\"}],\"Version\":\"2012-10-17\"}",
            "policy_id": "ANPATTJ5ACPZGV5NCUCJF",
            "tags": null,
            "tags_all": {}
          },
          "sensitive_attributes": [],
          "identity_schema_version": 0,
          "identity": {
            "arn": "arn:aws:iam::247625421810:policy/allow_workstation_s3_bucket"
          },
          "private": "bnVsbA==",
          "dependencies": [
            "module.workstation.aws_s3_bucket.scripts"
          ]
        }
      ]
    },
    {
      "module": "module.workstation",
      "mode": "managed",
      "type": "aws_iam_policy",
      "name": "allowsecretworkstation",
      "provider": "provider[\"registry.terraform.io/hashicorp/aws\"]",
      "instances": [
        {
          "schema_version": 0,
          "attributes": {
            "arn": "arn:aws:iam::247625421810:policy/allow_workstation_secret_bucket",
            "attachment_count": 0,
            "delay_after_policy_creation_in_ms": null,
            "description": "Will allow workstation to fetch secrets from secretmanager.",
            "id": "arn:aws:iam::247625421810:policy/allow_workstation_secret_bucket",
            "name": "allow_workstation_secret_bucket",
            "name_prefix": "",
            "path": "/",
            "policy": "{\"Statement\":[{\"Action\":[\"secretsmanager:GetSecretValue\"],\"Effect\":\"Allow\",\"Resource\":[\"arn:aws:secretsmanager:eu-west-3:247625421810:secret:workstation-pubkey-omfYZ8\",\"arn:aws:secretsmanager:eu-west-3:247625421810:secret:workstation-privatekey-hqBBGb\"]}],\"Version\":\"2012-10-17\"}",
            "policy_id": "ANPATTJ5ACPZMV7MZLYTO",
            "tags": null,
            "tags_all": {}
          },
          "sensitive_attributes": [],
          "identity_schema_version": 0,
          "identity": {
            "arn": "arn:aws:iam::247625421810:policy/allow_workstation_secret_bucket"
          },
          "private": "bnVsbA==",
          "dependencies": [
            "module.workstation.aws_secretsmanager_secret.privatekey",
            "module.workstation.aws_secretsmanager_secret.pubkey"
          ]
        }
      ]
    },
    {
      "module": "module.workstation",
      "mode": "managed",
      "type": "aws_iam_role",
      "name": "workstation",
      "provider": "provider[\"registry.terraform.io/hashicorp/aws\"]",
      "instances": [
        {
          "schema_version": 0,
          "attributes": {
            "arn": "arn:aws:iam::247625421810:role/workstation-role",
            "assume_role_policy": "{\"Statement\":[{\"Action\":\"sts:AssumeRole\",\"Effect\":\"Allow\",\"Principal\":{\"Service\":\"ec2.amazonaws.com\"},\"Sid\":\"\"}],\"Version\":\"2012-10-17\"}",
            "create_date": "2026-04-24T13:27:50Z",
            "description": "",
            "force_detach_policies": false,
            "id": "workstation-role",
            "inline_policy": [],
            "managed_policy_arns": [],
            "max_session_duration": 3600,
            "name": "workstation-role",
            "name_prefix": "",
            "path": "/",
            "permissions_boundary": "",
            "tags": {
              "Name": "workstation-role",
              "Owner": "Thomas Tuminaro",
              "Project": "tf-k8s-aws"
            },
            "tags_all": {
              "Name": "workstation-role",
              "Owner": "Thomas Tuminaro",
              "Project": "tf-k8s-aws"
            },
            "unique_id": "AROATTJ5ACPZBQYIX3UZT"
          },
          "sensitive_attributes": [],
          "identity_schema_version": 0,
          "identity": {
            "account_id": "247625421810",
            "name": "workstation-role"
          },
          "private": "bnVsbA==",
          "create_before_destroy": true
        }
      ]
    },
    {
      "module": "module.workstation",
      "mode": "managed",
      "type": "aws_iam_role_policy_attachment",
      "name": "workstations3",
      "provider": "provider[\"registry.terraform.io/hashicorp/aws\"]",
      "instances": [
        {
          "schema_version": 0,
          "attributes": {
            "id": "workstation-role/arn:aws:iam::247625421810:policy/allow_workstation_s3_bucket",
            "policy_arn": "arn:aws:iam::247625421810:policy/allow_workstation_s3_bucket",
            "role": "workstation-role"
          },
          "sensitive_attributes": [],
          "identity_schema_version": 0,
          "identity": {
            "account_id": "247625421810",
            "policy_arn": "arn:aws:iam::247625421810:policy/allow_workstation_s3_bucket",
            "role": "workstation-role"
          },
          "private": "bnVsbA==",
          "dependencies": [
            "module.workstation.aws_iam_policy.allowS3workstation",
            "module.workstation.aws_iam_role.workstation",
            "module.workstation.aws_s3_bucket.scripts"
          ]
        }
      ]
    },
    {
      "module": "module.workstation",
      "mode": "managed",
      "type": "aws_iam_role_policy_attachment",
      "name": "workstationsecret",
      "provider": "provider[\"registry.terraform.io/hashicorp/aws\"]",
      "instances": [
        {
          "schema_version": 0,
          "attributes": {
            "id": "workstation-role/arn:aws:iam::247625421810:policy/allow_workstation_secret_bucket",
            "policy_arn": "arn:aws:iam::247625421810:policy/allow_workstation_secret_bucket",
            "role": "workstation-role"
          },
          "sensitive_attributes": [],
          "identity_schema_version": 0,
          "identity": {
            "account_id": "247625421810",
            "policy_arn": "arn:aws:iam::247625421810:policy/allow_workstation_secret_bucket",
            "role": "workstation-role"
          },
          "private": "bnVsbA==",
          "dependencies": [
            "module.workstation.aws_iam_policy.allowsecretworkstation",
            "module.workstation.aws_iam_role.workstation",
            "module.workstation.aws_secretsmanager_secret.privatekey",
            "module.workstation.aws_secretsmanager_secret.pubkey"
          ]
        }
      ]
    },
    {
      "module": "module.workstation",
      "mode": "managed",
      "type": "aws_instance",
      "name": "workstation",
      "provider": "provider[\"registry.terraform.io/hashicorp/aws\"]",
      "instances": [
        {
          "schema_version": 2,
          "attributes": {
            "ami": "ami-04c332520bd9cedb4",
            "arn": "arn:aws:ec2:eu-west-3:247625421810:instance/i-01b6e01599da3b841",
            "associate_public_ip_address": true,
            "availability_zone": "eu-west-3c",
            "capacity_reservation_specification": [
              {
                "capacity_reservation_preference": "open",
                "capacity_reservation_target": []
              }
            ],
            "cpu_options": [
              {
                "amd_sev_snp": "",
                "core_count": 1,
                "nested_virtualization": "",
                "threads_per_core": 2
              }
            ],
            "credit_specification": [
              {
                "cpu_credits": "unlimited"
              }
            ],
            "disable_api_stop": false,
            "disable_api_termination": false,
            "ebs_block_device": [],
            "ebs_optimized": false,
            "enable_primary_ipv6": null,
            "enclave_options": [
              {
                "enabled": false
              }
            ],
            "ephemeral_block_device": [],
            "force_destroy": false,
            "get_password_data": false,
            "hibernation": false,
            "host_id": "",
            "host_resource_group_arn": null,
            "iam_instance_profile": "workstation-profile",
            "id": "i-01b6e01599da3b841",
            "instance_initiated_shutdown_behavior": "stop",
            "instance_lifecycle": "",
            "instance_market_options": [],
            "instance_state": "running",
            "instance_type": "t3.micro",
            "ipv6_address_count": 0,
            "ipv6_addresses": [],
            "key_name": "workstation",
            "launch_template": [],
            "maintenance_options": [
              {
                "auto_recovery": "default"
              }
            ],
            "metadata_options": [
              {
                "http_endpoint": "enabled",
                "http_protocol_ipv6": "disabled",
                "http_put_response_hop_limit": 1,
                "http_tokens": "optional",
                "instance_metadata_tags": "disabled"
              }
            ],
            "monitoring": false,
            "network_interface": [],
            "outpost_arn": "",
            "password_data": "",
            "placement_group": "",
            "placement_group_id": "",
            "placement_partition_number": 0,
            "primary_network_interface": [
              {
                "delete_on_termination": false,
                "network_interface_id": "eni-07e66c38bbfad7135"
              }
            ],
            "primary_network_interface_id": "eni-07e66c38bbfad7135",
            "private_dns": "ip-10-0-14-241.eu-west-3.compute.internal",
            "private_dns_name_options": [
              {
                "enable_resource_name_dns_a_record": false,
                "enable_resource_name_dns_aaaa_record": false,
                "hostname_type": "ip-name"
              }
            ],
            "private_ip": "10.0.14.241",
            "public_dns": "ec2-35-180-196-192.eu-west-3.compute.amazonaws.com",
            "public_ip": "35.180.196.192",
            "region": "eu-west-3",
            "root_block_device": [
              {
                "delete_on_termination": true,
                "device_name": "/dev/sda1",
                "encrypted": false,
                "iops": 3000,
                "kms_key_id": "",
                "tags": null,
                "tags_all": {},
                "throughput": 125,
                "volume_id": "vol-0ad747e22db456413",
                "volume_size": 30,
                "volume_type": "gp3"
              }
            ],
            "secondary_network_interface": [],
            "secondary_private_ips": [],
            "security_groups": [],
            "source_dest_check": true,
            "spot_instance_request_id": "",
            "subnet_id": "subnet-0c1faa81a88117e88",
            "tags": {
              "Name": "workstation",
              "Owner": "Thomas Tuminaro",
              "Project": "tf-k8s-aws"
            },
            "tags_all": {
              "Name": "workstation",
              "Owner": "Thomas Tuminaro",
              "Project": "tf-k8s-aws"
            },
            "tenancy": "default",
            "timeouts": null,
            "user_data": "#!/bin/bash \n\n# Basic SSH configuration - not prod ready \necho \"ubuntu:password\" | chpasswd \nrm /etc/ssh/sshd_config.d/*\nsed -i 's/#PasswordAuthentication yes/PasswordAuthentication yes/g' /etc/ssh/sshd_config \nsed -i 's/#PubkeyAuthentication yes/PubkeyAuthentication yes/g' /etc/ssh/sshd_config \nsystemctl restart ssh\n\n# Installing required packages for root and ubuntu  \napt update \napt-get install python3 python3-pip python3-venv pipx -y\npipx install --include-deps ansible\nsudo -H -u ubuntu bash -c \"pipx install --include-deps ansible\"\n\necho \"\" \u003e\u003e /root/.bashrc\necho \"export PATH=$PATH:/root/.local/bin/\" \u003e\u003e /root/.bashrc\necho \"\" \u003e\u003e /home/ubuntu/.bashrc\necho \"export PATH=$PATH:/root/.local/bin/\" \u003e\u003e /home/ubuntu/.bashrc\n\n# Set up DNS\nsed -i \"s/nameserver 127.0.0.53/nameserver 169.254.169.253/g\" /etc/resolv.conf\nsed -i -E \"s/search ([a-z]*-[a-z]*-[1-4]{1}).compute.internal/search \\1.compute.internal kubernetes.local/g\" /etc/resolv.conf\n\n# Install AWS utility CLI \napt-get install -y unzip curl\ncurl \"https://awscli.amazonaws.com/awscli-exe-linux-x86_64.zip\" -o \"awscliv2.zip\"\nunzip awscliv2.zip\nsudo ./aws/install\n\n# Set up SSH keys\napt-get install -y jq\nmkdir /root/.ssh\nchmod 700 /root/.ssh\naws secretsmanager get-secret-value --secret-id arn:aws:secretsmanager:eu-west-3:247625421810:secret:workstation-privatekey-hqBBGb | jq -r \".SecretString\" \u003e /root/.ssh/id_ed25519\naws secretsmanager get-secret-value --secret-id arn:aws:secretsmanager:eu-west-3:247625421810:secret:workstation-pubkey-omfYZ8 | jq -r \".SecretString\" \u003e /root/.ssh/id_ed25519.pub\nchmod 600 /root/.ssh/id_ed25519\nchmod 644 /root/.ssh/id_ed25519.pub\nsystemctl restart ssh\n\n# Get ansible files for inventory and config\nmkdir /opt/ansible\naws s3 cp s3://ansible-config-bucket-tuminaro/ansible.cfg /opt/ansible\naws s3 cp s3://ansible-config-bucket-tuminaro/inventory-defaults /opt/ansible\nchown -R ubuntu:ubuntu /opt/ansible\n\n# Get ansible playbook and template for main control plane init\naws s3 cp s3://ansible-config-bucket-tuminaro/main-cp-install.yaml /opt/ansible\nmkdir /opt/ansible/templates\naws s3 cp s3://ansible-config-bucket-tuminaro/kubeadm-init-main.j2 /opt/ansible/templates\n\n# Get ansible playbook and template for other control planes to join cluster\naws s3 cp s3://ansible-config-bucket-tuminaro/second-cp-install.yaml /opt/ansible\naws s3 cp s3://ansible-config-bucket-tuminaro/kubeadm-join-cp.j2 /opt/ansible/templates\n\n# Get ansible playbook and template for worker nodes to join cluster\naws s3 cp s3://ansible-config-bucket-tuminaro/worker-install.yaml /opt/ansible\naws s3 cp s3://ansible-config-bucket-tuminaro/kubeadm-join-wk.j2 /opt/ansible/templates\n\n# Get group vars file\nmkdir /opt/ansible/group_vars\naws s3 cp s3://ansible-config-bucket-tuminaro/all.yaml /opt/ansible/group_vars\n\n\n\n\n\n\n\n",
            "user_data_base64": null,
            "user_data_replace_on_change": false,
            "volume_tags": null,
            "vpc_security_group_ids": [
              "sg-0a90077d03260b31b"
            ]
          },
          "sensitive_attributes": [],
          "identity_schema_version": 0,
          "identity": {
            "account_id": "247625421810",
            "id": "i-01b6e01599da3b841",
            "region": "eu-west-3"
          },
          "private": "eyJlMmJmYjczMC1lY2FhLTExZTYtOGY4OC0zNDM2M2JjN2M0YzAiOnsiY3JlYXRlIjo2MDAwMDAwMDAwMDAsImRlbGV0ZSI6MTIwMDAwMDAwMDAwMCwicmVhZCI6OTAwMDAwMDAwMDAwLCJ1cGRhdGUiOjYwMDAwMDAwMDAwMH0sInNjaGVtYV92ZXJzaW9uIjoiMiJ9",
          "dependencies": [
            "module.networking.aws_security_group.workstation",
            "module.networking.aws_subnet.workstation",
            "module.networking.aws_vpc.main",
            "module.workstation.aws_iam_instance_profile.workstation",
            "module.workstation.aws_iam_role.workstation",
            "module.workstation.aws_network_interface.workstation",
            "module.workstation.aws_s3_bucket.scripts",
            "module.workstation.aws_secretsmanager_secret.privatekey",
            "module.workstation.aws_secretsmanager_secret.pubkey"
          ],
          "create_before_destroy": true
        }
      ]
    },
    {
      "module": "module.workstation",
      "mode": "managed",
      "type": "aws_network_interface",
      "name": "workstation",
      "provider": "provider[\"registry.terraform.io/hashicorp/aws\"]",
      "instances": [
        {
          "schema_version": 0,
          "attributes": {
            "arn": "arn:aws:ec2:eu-west-3:247625421810:network-interface/eni-07e66c38bbfad7135",
            "attachment": [],
            "description": "",
            "enable_primary_ipv6": null,
            "id": "eni-07e66c38bbfad7135",
            "interface_type": "interface",
            "ipv4_prefix_count": 0,
            "ipv4_prefixes": [],
            "ipv6_address_count": 0,
            "ipv6_address_list": [],
            "ipv6_address_list_enabled": false,
            "ipv6_addresses": [],
            "ipv6_prefix_count": 0,
            "ipv6_prefixes": [],
            "mac_address": "0e:c3:e5:21:bb:d7",
            "outpost_arn": "",
            "owner_id": "247625421810",
            "private_dns_name": "ip-10-0-14-241.eu-west-3.compute.internal",
            "private_ip": "10.0.14.241",
            "private_ip_list": [
              "10.0.14.241"
            ],
            "private_ip_list_enabled": false,
            "private_ips": [
              "10.0.14.241"
            ],
            "private_ips_count": 0,
            "region": "eu-west-3",
            "security_groups": [
              "sg-0a90077d03260b31b"
            ],
            "source_dest_check": true,
            "subnet_id": "subnet-0c1faa81a88117e88",
            "tags": {
              "Name": "workstation_primary_nic",
              "Owner": "Thomas Tuminaro",
              "Project": "tf-k8s-aws"
            },
            "tags_all": {
              "Name": "workstation_primary_nic",
              "Owner": "Thomas Tuminaro",
              "Project": "tf-k8s-aws"
            }
          },
          "sensitive_attributes": [],
          "identity_schema_version": 0,
          "private": "bnVsbA==",
          "dependencies": [
            "module.networking.aws_security_group.workstation",
            "module.networking.aws_subnet.workstation",
            "module.networking.aws_vpc.main"
          ],
          "create_before_destroy": true
        }
      ]
    },
    {
      "module": "module.workstation",
      "mode": "managed",
      "type": "aws_s3_bucket",
      "name": "scripts",
      "provider": "provider[\"registry.terraform.io/hashicorp/aws\"]",
      "instances": [
        {
          "schema_version": 0,
          "attributes": {
            "acceleration_status": "",
            "acl": null,
            "arn": "arn:aws:s3:::ansible-config-bucket-tuminaro",
            "bucket": "ansible-config-bucket-tuminaro",
            "bucket_domain_name": "ansible-config-bucket-tuminaro.s3.amazonaws.com",
            "bucket_namespace": "global",
            "bucket_prefix": "",
            "bucket_region": "eu-west-3",
            "bucket_regional_domain_name": "ansible-config-bucket-tuminaro.s3.eu-west-3.amazonaws.com",
            "cors_rule": [],
            "force_destroy": false,
            "grant": [
              {
                "id": "e1587402fa933a4643fabc2ecdee3263ca090c7dd1f0f49be04ab6003514f640",
                "permissions": [
                  "FULL_CONTROL"
                ],
                "type": "CanonicalUser",
                "uri": ""
              }
            ],
            "hosted_zone_id": "Z3R1K369G5AVDG",
            "id": "ansible-config-bucket-tuminaro",
            "lifecycle_rule": [],
            "logging": [],
            "object_lock_configuration": [],
            "object_lock_enabled": false,
            "policy": "",
            "region": "eu-west-3",
            "replication_configuration": [],
            "request_payer": "BucketOwner",
            "server_side_encryption_configuration": [
              {
                "rule": [
                  {
                    "apply_server_side_encryption_by_default": [
                      {
                        "kms_master_key_id": "",
                        "sse_algorithm": "AES256"
                      }
                    ],
                    "bucket_key_enabled": false
                  }
                ]
              }
            ],
            "tags": {
              "Name": "ansible-config-bucket-tuminaro",
              "Owner": "Thomas Tuminaro",
              "Project": "tf-k8s-aws"
            },
            "tags_all": {
              "Name": "ansible-config-bucket-tuminaro",
              "Owner": "Thomas Tuminaro",
              "Project": "tf-k8s-aws"
            },
            "timeouts": null,
            "versioning": [
              {
                "enabled": false,
                "mfa_delete": false
              }
            ],
            "website": [],
            "website_domain": null,
            "website_endpoint": null
          },
          "sensitive_attributes": [],
          "identity_schema_version": 0,
          "identity": {
            "account_id": "247625421810",
            "bucket": "ansible-config-bucket-tuminaro",
            "region": "eu-west-3"
          },
          "private": "eyJlMmJmYjczMC1lY2FhLTExZTYtOGY4OC0zNDM2M2JjN2M0YzAiOnsiY3JlYXRlIjoxMjAwMDAwMDAwMDAwLCJkZWxldGUiOjM2MDAwMDAwMDAwMDAsInJlYWQiOjEyMDAwMDAwMDAwMDAsInVwZGF0ZSI6MTIwMDAwMDAwMDAwMH19",
          "create_before_destroy": true
        }
      ]
    },
    {
      "module": "module.workstation",
      "mode": "managed",
      "type": "aws_s3_object",
      "name": "ansible_config",
      "provider": "provider[\"registry.terraform.io/hashicorp/aws\"]",
      "instances": [
        {
          "schema_version": 0,
          "attributes": {
            "acl": null,
            "arn": "arn:aws:s3:::ansible-config-bucket-tuminaro/ansible.cfg",
            "bucket": "ansible-config-bucket-tuminaro",
            "bucket_key_enabled": false,
            "cache_control": "",
            "checksum_algorithm": null,
            "checksum_crc32": "",
            "checksum_crc32c": "",
            "checksum_crc64nvme": "",
            "checksum_sha1": "",
            "checksum_sha256": "",
            "content": null,
            "content_base64": null,
            "content_disposition": "",
            "content_encoding": "",
            "content_language": "",
            "content_type": "application/octet-stream",
            "etag": "7275d526acb40b616414b7afd6cd6897",
            "force_destroy": false,
            "id": "ansible-config-bucket-tuminaro/ansible.cfg",
            "key": "ansible.cfg",
            "kms_key_id": null,
            "metadata": null,
            "object_lock_legal_hold_status": "",
            "object_lock_mode": "",
            "object_lock_retain_until_date": "",
            "override_provider": [],
            "region": "eu-west-3",
            "server_side_encryption": "AES256",
            "source": "/Users/thomastuminaro/Documents/Work/Projects/tf-k8s-aws/ansible/moduletests/bootstrap/ansible.cfg",
            "source_hash": null,
            "storage_class": "STANDARD",
            "tags": null,
            "tags_all": {},
            "version_id": "",
            "website_redirect": ""
          },
          "sensitive_attributes": [],
          "identity_schema_version": 0,
          "identity": {
            "account_id": "247625421810",
            "bucket": "ansible-config-bucket-tuminaro",
            "key": "ansible.cfg",
            "region": "eu-west-3"
          },
          "private": "bnVsbA==",
          "dependencies": [
            "module.workstation.aws_s3_bucket.scripts"
          ]
        }
      ]
    },
    {
      "module": "module.workstation",
      "mode": "managed",
      "type": "aws_s3_object",
      "name": "ansible_inventory",
      "provider": "provider[\"registry.terraform.io/hashicorp/aws\"]",
      "instances": [
        {
          "schema_version": 0,
          "attributes": {
            "acl": null,
            "arn": "arn:aws:s3:::ansible-config-bucket-tuminaro/inventory-defaults",
            "bucket": "ansible-config-bucket-tuminaro",
            "bucket_key_enabled": false,
            "cache_control": "",
            "checksum_algorithm": null,
            "checksum_crc32": "",
            "checksum_crc32c": "",
            "checksum_crc64nvme": "",
            "checksum_sha1": "",
            "checksum_sha256": "",
            "content": null,
            "content_base64": null,
            "content_disposition": "",
            "content_encoding": "",
            "content_language": "",
            "content_type": "application/octet-stream",
            "etag": "49cb16f496e5855b21b1a151e1423f30",
            "force_destroy": false,
            "id": "ansible-config-bucket-tuminaro/inventory-defaults",
            "key": "inventory-defaults",
            "kms_key_id": null,
            "metadata": null,
            "object_lock_legal_hold_status": "",
            "object_lock_mode": "",
            "object_lock_retain_until_date": "",
            "override_provider": [],
            "region": "eu-west-3",
            "server_side_encryption": "AES256",
            "source": ".terraform/modules/workstation/tmp/inventory",
            "source_hash": null,
            "storage_class": "STANDARD",
            "tags": null,
            "tags_all": {},
            "version_id": "",
            "website_redirect": ""
          },
          "sensitive_attributes": [],
          "identity_schema_version": 0,
          "identity": {
            "account_id": "247625421810",
            "bucket": "ansible-config-bucket-tuminaro",
            "key": "inventory-defaults",
            "region": "eu-west-3"
          },
          "private": "bnVsbA==",
          "dependencies": [
            "module.workstation.aws_s3_bucket.scripts"
          ]
        }
      ]
    },
    {
      "module": "module.workstation",
      "mode": "managed",
      "type": "aws_s3_object",
      "name": "groupvars",
      "provider": "provider[\"registry.terraform.io/hashicorp/aws\"]",
      "instances": [
        {
          "schema_version": 0,
          "attributes": {
            "acl": null,
            "arn": "arn:aws:s3:::ansible-config-bucket-tuminaro/all.yaml",
            "bucket": "ansible-config-bucket-tuminaro",
            "bucket_key_enabled": false,
            "cache_control": "",
            "checksum_algorithm": null,
            "checksum_crc32": "",
            "checksum_crc32c": "",
            "checksum_crc64nvme": "",
            "checksum_sha1": "",
            "checksum_sha256": "",
            "content": null,
            "content_base64": null,
            "content_disposition": "",
            "content_encoding": "",
            "content_language": "",
            "content_type": "application/octet-stream",
            "etag": "097aa18b438283fb71da19716d0dfb98",
            "force_destroy": false,
            "id": "ansible-config-bucket-tuminaro/all.yaml",
            "key": "all.yaml",
            "kms_key_id": null,
            "metadata": null,
            "object_lock_legal_hold_status": "",
            "object_lock_mode": "",
            "object_lock_retain_until_date": "",
            "override_provider": [],
            "region": "eu-west-3",
            "server_side_encryption": "AES256",
            "source": "/Users/thomastuminaro/Documents/Work/Projects/tf-k8s-aws/ansible/moduletests/bootstrap/vars_all.yaml",
            "source_hash": null,
            "storage_class": "STANDARD",
            "tags": null,
            "tags_all": {},
            "version_id": "",
            "website_redirect": ""
          },
          "sensitive_attributes": [],
          "identity_schema_version": 0,
          "identity": {
            "account_id": "247625421810",
            "bucket": "ansible-config-bucket-tuminaro",
            "key": "all.yaml",
            "region": "eu-west-3"
          },
          "private": "bnVsbA==",
          "dependencies": [
            "module.workstation.aws_s3_bucket.scripts"
          ]
        }
      ]
    },
    {
      "module": "module.workstation",
      "mode": "managed",
      "type": "aws_s3_object",
      "name": "kubeadm_init_main",
      "provider": "provider[\"registry.terraform.io/hashicorp/aws\"]",
      "instances": [
        {
          "schema_version": 0,
          "attributes": {
            "acl": null,
            "arn": "arn:aws:s3:::ansible-config-bucket-tuminaro/kubeadm-init-main.j2",
            "bucket": "ansible-config-bucket-tuminaro",
            "bucket_key_enabled": false,
            "cache_control": "",
            "checksum_algorithm": null,
            "checksum_crc32": "",
            "checksum_crc32c": "",
            "checksum_crc64nvme": "",
            "checksum_sha1": "",
            "checksum_sha256": "",
            "content": null,
            "content_base64": null,
            "content_disposition": "",
            "content_encoding": "",
            "content_language": "",
            "content_type": "application/octet-stream",
            "etag": "c5866f634e2f27cf66c00aa2ab44b909",
            "force_destroy": false,
            "id": "ansible-config-bucket-tuminaro/kubeadm-init-main.j2",
            "key": "kubeadm-init-main.j2",
            "kms_key_id": null,
            "metadata": null,
            "object_lock_legal_hold_status": "",
            "object_lock_mode": "",
            "object_lock_retain_until_date": "",
            "override_provider": [],
            "region": "eu-west-3",
            "server_side_encryption": "AES256",
            "source": ".terraform/modules/workstation/tmp/kubeadm-init-main.j2",
            "source_hash": null,
            "storage_class": "STANDARD",
            "tags": null,
            "tags_all": {},
            "version_id": "",
            "website_redirect": ""
          },
          "sensitive_attributes": [],
          "identity_schema_version": 0,
          "identity": {
            "account_id": "247625421810",
            "bucket": "ansible-config-bucket-tuminaro",
            "key": "kubeadm-init-main.j2",
            "region": "eu-west-3"
          },
          "private": "bnVsbA==",
          "dependencies": [
            "module.workstation.aws_s3_bucket.scripts"
          ]
        }
      ]
    },
    {
      "module": "module.workstation",
      "mode": "managed",
      "type": "aws_s3_object",
      "name": "kubeadm_joincp",
      "provider": "provider[\"registry.terraform.io/hashicorp/aws\"]",
      "instances": [
        {
          "schema_version": 0,
          "attributes": {
            "acl": null,
            "arn": "arn:aws:s3:::ansible-config-bucket-tuminaro/kubeadm-join-cp.j2",
            "bucket": "ansible-config-bucket-tuminaro",
            "bucket_key_enabled": false,
            "cache_control": "",
            "checksum_algorithm": null,
            "checksum_crc32": "",
            "checksum_crc32c": "",
            "checksum_crc64nvme": "",
            "checksum_sha1": "",
            "checksum_sha256": "",
            "content": null,
            "content_base64": null,
            "content_disposition": "",
            "content_encoding": "",
            "content_language": "",
            "content_type": "application/octet-stream",
            "etag": "fcfc06a14d8522e120c960947f1d6a91",
            "force_destroy": false,
            "id": "ansible-config-bucket-tuminaro/kubeadm-join-cp.j2",
            "key": "kubeadm-join-cp.j2",
            "kms_key_id": null,
            "metadata": null,
            "object_lock_legal_hold_status": "",
            "object_lock_mode": "",
            "object_lock_retain_until_date": "",
            "override_provider": [],
            "region": "eu-west-3",
            "server_side_encryption": "AES256",
            "source": ".terraform/modules/workstation/tmp/kubeadm-join-cp.j2",
            "source_hash": null,
            "storage_class": "STANDARD",
            "tags": null,
            "tags_all": {},
            "version_id": "",
            "website_redirect": ""
          },
          "sensitive_attributes": [],
          "identity_schema_version": 0,
          "identity": {
            "account_id": "247625421810",
            "bucket": "ansible-config-bucket-tuminaro",
            "key": "kubeadm-join-cp.j2",
            "region": "eu-west-3"
          },
          "private": "bnVsbA==",
          "dependencies": [
            "module.workstation.aws_s3_bucket.scripts"
          ]
        }
      ]
    },
    {
      "module": "module.workstation",
      "mode": "managed",
      "type": "aws_s3_object",
      "name": "kubeadm_joinwk",
      "provider": "provider[\"registry.terraform.io/hashicorp/aws\"]",
      "instances": [
        {
          "schema_version": 0,
          "attributes": {
            "acl": null,
            "arn": "arn:aws:s3:::ansible-config-bucket-tuminaro/kubeadm-join-wk.j2",
            "bucket": "ansible-config-bucket-tuminaro",
            "bucket_key_enabled": false,
            "cache_control": "",
            "checksum_algorithm": null,
            "checksum_crc32": "",
            "checksum_crc32c": "",
            "checksum_crc64nvme": "",
            "checksum_sha1": "",
            "checksum_sha256": "",
            "content": null,
            "content_base64": null,
            "content_disposition": "",
            "content_encoding": "",
            "content_language": "",
            "content_type": "application/octet-stream",
            "etag": "6bfe5bcc35eae160c03b220974dcb41a",
            "force_destroy": false,
            "id": "ansible-config-bucket-tuminaro/kubeadm-join-wk.j2",
            "key": "kubeadm-join-wk.j2",
            "kms_key_id": null,
            "metadata": null,
            "object_lock_legal_hold_status": "",
            "object_lock_mode": "",
            "object_lock_retain_until_date": "",
            "override_provider": [],
            "region": "eu-west-3",
            "server_side_encryption": "AES256",
            "source": ".terraform/modules/workstation/tmp/kubeadm-join-wk.j2",
            "source_hash": null,
            "storage_class": "STANDARD",
            "tags": null,
            "tags_all": {},
            "version_id": "",
            "website_redirect": ""
          },
          "sensitive_attributes": [],
          "identity_schema_version": 0,
          "identity": {
            "account_id": "247625421810",
            "bucket": "ansible-config-bucket-tuminaro",
            "key": "kubeadm-join-wk.j2",
            "region": "eu-west-3"
          },
          "private": "bnVsbA==",
          "dependencies": [
            "module.workstation.aws_s3_bucket.scripts"
          ]
        }
      ]
    },
    {
      "module": "module.workstation",
      "mode": "managed",
      "type": "aws_s3_object",
      "name": "playbook_maincp",
      "provider": "provider[\"registry.terraform.io/hashicorp/aws\"]",
      "instances": [
        {
          "schema_version": 0,
          "attributes": {
            "acl": null,
            "arn": "arn:aws:s3:::ansible-config-bucket-tuminaro/main-cp-install.yaml",
            "bucket": "ansible-config-bucket-tuminaro",
            "bucket_key_enabled": false,
            "cache_control": "",
            "checksum_algorithm": null,
            "checksum_crc32": "",
            "checksum_crc32c": "",
            "checksum_crc64nvme": "",
            "checksum_sha1": "",
            "checksum_sha256": "",
            "content": null,
            "content_base64": null,
            "content_disposition": "",
            "content_encoding": "",
            "content_language": "",
            "content_type": "application/octet-stream",
            "etag": "a2452367797f431efb20a34561e6b16b",
            "force_destroy": false,
            "id": "ansible-config-bucket-tuminaro/main-cp-install.yaml",
            "key": "main-cp-install.yaml",
            "kms_key_id": null,
            "metadata": null,
            "object_lock_legal_hold_status": "",
            "object_lock_mode": "",
            "object_lock_retain_until_date": "",
            "override_provider": [],
            "region": "eu-west-3",
            "server_side_encryption": "AES256",
            "source": "/Users/thomastuminaro/Documents/Work/Projects/tf-k8s-aws/ansible/moduletests/bootstrap/main-cp-install.yaml",
            "source_hash": null,
            "storage_class": "STANDARD",
            "tags": null,
            "tags_all": {},
            "version_id": "",
            "website_redirect": ""
          },
          "sensitive_attributes": [],
          "identity_schema_version": 0,
          "identity": {
            "account_id": "247625421810",
            "bucket": "ansible-config-bucket-tuminaro",
            "key": "main-cp-install.yaml",
            "region": "eu-west-3"
          },
          "private": "bnVsbA==",
          "dependencies": [
            "module.workstation.aws_s3_bucket.scripts"
          ]
        }
      ]
    },
    {
      "module": "module.workstation",
      "mode": "managed",
      "type": "aws_s3_object",
      "name": "playbook_othercp",
      "provider": "provider[\"registry.terraform.io/hashicorp/aws\"]",
      "instances": [
        {
          "schema_version": 0,
          "attributes": {
            "acl": null,
            "arn": "arn:aws:s3:::ansible-config-bucket-tuminaro/second-cp-install.yaml",
            "bucket": "ansible-config-bucket-tuminaro",
            "bucket_key_enabled": false,
            "cache_control": "",
            "checksum_algorithm": null,
            "checksum_crc32": "",
            "checksum_crc32c": "",
            "checksum_crc64nvme": "",
            "checksum_sha1": "",
            "checksum_sha256": "",
            "content": null,
            "content_base64": null,
            "content_disposition": "",
            "content_encoding": "",
            "content_language": "",
            "content_type": "application/octet-stream",
            "etag": "d6d0eb1f26623495acd11bedff055594",
            "force_destroy": false,
            "id": "ansible-config-bucket-tuminaro/second-cp-install.yaml",
            "key": "second-cp-install.yaml",
            "kms_key_id": null,
            "metadata": null,
            "object_lock_legal_hold_status": "",
            "object_lock_mode": "",
            "object_lock_retain_until_date": "",
            "override_provider": [],
            "region": "eu-west-3",
            "server_side_encryption": "AES256",
            "source": "/Users/thomastuminaro/Documents/Work/Projects/tf-k8s-aws/ansible/moduletests/bootstrap/second-cp-install.yaml",
            "source_hash": null,
            "storage_class": "STANDARD",
            "tags": null,
            "tags_all": {},
            "version_id": "",
            "website_redirect": ""
          },
          "sensitive_attributes": [],
          "identity_schema_version": 0,
          "identity": {
            "account_id": "247625421810",
            "bucket": "ansible-config-bucket-tuminaro",
            "key": "second-cp-install.yaml",
            "region": "eu-west-3"
          },
          "private": "bnVsbA==",
          "dependencies": [
            "module.workstation.aws_s3_bucket.scripts"
          ]
        }
      ]
    },
    {
      "module": "module.workstation",
      "mode": "managed",
      "type": "aws_s3_object",
      "name": "playbook_worker",
      "provider": "provider[\"registry.terraform.io/hashicorp/aws\"]",
      "instances": [
        {
          "schema_version": 0,
          "attributes": {
            "acl": null,
            "arn": "arn:aws:s3:::ansible-config-bucket-tuminaro/worker-install.yaml",
            "bucket": "ansible-config-bucket-tuminaro",
            "bucket_key_enabled": false,
            "cache_control": "",
            "checksum_algorithm": null,
            "checksum_crc32": "",
            "checksum_crc32c": "",
            "checksum_crc64nvme": "",
            "checksum_sha1": "",
            "checksum_sha256": "",
            "content": null,
            "content_base64": null,
            "content_disposition": "",
            "content_encoding": "",
            "content_language": "",
            "content_type": "application/octet-stream",
            "etag": "1a5d485efb9a5b7cab61b240de3ad6c4",
            "force_destroy": false,
            "id": "ansible-config-bucket-tuminaro/worker-install.yaml",
            "key": "worker-install.yaml",
            "kms_key_id": null,
            "metadata": null,
            "object_lock_legal_hold_status": "",
            "object_lock_mode": "",
            "object_lock_retain_until_date": "",
            "override_provider": [],
            "region": "eu-west-3",
            "server_side_encryption": "AES256",
            "source": "/Users/thomastuminaro/Documents/Work/Projects/tf-k8s-aws/ansible/moduletests/bootstrap/worker-install.yaml",
            "source_hash": null,
            "storage_class": "STANDARD",
            "tags": null,
            "tags_all": {},
            "version_id": "",
            "website_redirect": ""
          },
          "sensitive_attributes": [],
          "identity_schema_version": 0,
          "identity": {
            "account_id": "247625421810",
            "bucket": "ansible-config-bucket-tuminaro",
            "key": "worker-install.yaml",
            "region": "eu-west-3"
          },
          "private": "bnVsbA==",
          "dependencies": [
            "module.workstation.aws_s3_bucket.scripts"
          ]
        }
      ]
    },
    {
      "module": "module.workstation",
      "mode": "managed",
      "type": "aws_secretsmanager_secret",
      "name": "privatekey",
      "provider": "provider[\"registry.terraform.io/hashicorp/aws\"]",
      "instances": [
        {
          "schema_version": 0,
          "attributes": {
            "arn": "arn:aws:secretsmanager:eu-west-3:247625421810:secret:workstation-privatekey-hqBBGb",
            "description": "",
            "force_overwrite_replica_secret": false,
            "id": "arn:aws:secretsmanager:eu-west-3:247625421810:secret:workstation-privatekey-hqBBGb",
            "kms_key_id": "",
            "name": "workstation-privatekey",
            "name_prefix": "",
            "policy": "",
            "recovery_window_in_days": 0,
            "region": "eu-west-3",
            "replica": [],
            "tags": null,
            "tags_all": {}
          },
          "sensitive_attributes": [],
          "identity_schema_version": 0,
          "identity": {
            "arn": "arn:aws:secretsmanager:eu-west-3:247625421810:secret:workstation-privatekey-hqBBGb"
          },
          "private": "bnVsbA==",
          "create_before_destroy": true
        }
      ]
    },
    {
      "module": "module.workstation",
      "mode": "managed",
      "type": "aws_secretsmanager_secret",
      "name": "pubkey",
      "provider": "provider[\"registry.terraform.io/hashicorp/aws\"]",
      "instances": [
        {
          "schema_version": 0,
          "attributes": {
            "arn": "arn:aws:secretsmanager:eu-west-3:247625421810:secret:workstation-pubkey-omfYZ8",
            "description": "",
            "force_overwrite_replica_secret": false,
            "id": "arn:aws:secretsmanager:eu-west-3:247625421810:secret:workstation-pubkey-omfYZ8",
            "kms_key_id": "",
            "name": "workstation-pubkey",
            "name_prefix": "",
            "policy": "",
            "recovery_window_in_days": 0,
            "region": "eu-west-3",
            "replica": [],
            "tags": null,
            "tags_all": {}
          },
          "sensitive_attributes": [],
          "identity_schema_version": 0,
          "identity": {
            "arn": "arn:aws:secretsmanager:eu-west-3:247625421810:secret:workstation-pubkey-omfYZ8"
          },
          "private": "bnVsbA==",
          "create_before_destroy": true
        }
      ]
    },
    {
      "module": "module.workstation",
      "mode": "managed",
      "type": "aws_secretsmanager_secret_version",
      "name": "privatekey",
      "provider": "provider[\"registry.terraform.io/hashicorp/aws\"]",
      "instances": [
        {
          "schema_version": 0,
          "attributes": {
            "arn": "arn:aws:secretsmanager:eu-west-3:247625421810:secret:workstation-privatekey-hqBBGb",
            "has_secret_string_wo": null,
            "id": "arn:aws:secretsmanager:eu-west-3:247625421810:secret:workstation-privatekey-hqBBGb|terraform-20260424132749966800000004",
            "region": "eu-west-3",
            "secret_binary": "",
            "secret_id": "arn:aws:secretsmanager:eu-west-3:247625421810:secret:workstation-privatekey-hqBBGb",
            "secret_string": "-----BEGIN OPENSSH PRIVATE KEY-----\nb3BlbnNzaC1rZXktdjEAAAAABG5vbmUAAAAEbm9uZQAAAAAAAAABAAAAMwAAAAtz\nc2gtZWQyNTUxOQAAACCOLAp/bB7BS3YlPOnPVJWBk8Nr3Rp25xd+zfA1q7P41wAA\nAIhkWdgkZFnYJAAAAAtzc2gtZWQyNTUxOQAAACCOLAp/bB7BS3YlPOnPVJWBk8Nr\n3Rp25xd+zfA1q7P41wAAAEAl+/cvdizlbEK6cqhrXl/vsiKf/3xPk7vU84vEDsh5\nco4sCn9sHsFLdiU86c9UlYGTw2vdGnbnF37N8DWrs/jXAAAAAAECAwQF\n-----END OPENSSH PRIVATE KEY-----\n",
            "secret_string_wo": null,
            "secret_string_wo_version": null,
            "version_id": "terraform-20260424132749966800000004",
            "version_stages": [
              "AWSCURRENT"
            ]
          },
          "sensitive_attributes": [
            [
              {
                "type": "get_attr",
                "value": "secret_binary"
              }
            ],
            [
              {
                "type": "get_attr",
                "value": "secret_string"
              }
            ],
            [
              {
                "type": "get_attr",
                "value": "secret_string_wo"
              }
            ]
          ],
          "identity_schema_version": 0,
          "identity": {
            "account_id": "247625421810",
            "region": "eu-west-3",
            "secret_id": "arn:aws:secretsmanager:eu-west-3:247625421810:secret:workstation-privatekey-hqBBGb",
            "version_id": "terraform-20260424132749966800000004"
          },
          "private": "bnVsbA==",
          "dependencies": [
            "module.workstation.aws_secretsmanager_secret.privatekey",
            "module.workstation.tls_private_key.workstation"
          ]
        }
      ]
    },
    {
      "module": "module.workstation",
      "mode": "managed",
      "type": "aws_secretsmanager_secret_version",
      "name": "pubkey",
      "provider": "provider[\"registry.terraform.io/hashicorp/aws\"]",
      "instances": [
        {
          "schema_version": 0,
          "attributes": {
            "arn": "arn:aws:secretsmanager:eu-west-3:247625421810:secret:workstation-pubkey-omfYZ8",
            "has_secret_string_wo": null,
            "id": "arn:aws:secretsmanager:eu-west-3:247625421810:secret:workstation-pubkey-omfYZ8|terraform-20260424132750007300000005",
            "region": "eu-west-3",
            "secret_binary": "",
            "secret_id": "arn:aws:secretsmanager:eu-west-3:247625421810:secret:workstation-pubkey-omfYZ8",
            "secret_string": "ssh-ed25519 AAAAC3NzaC1lZDI1NTE5AAAAII4sCn9sHsFLdiU86c9UlYGTw2vdGnbnF37N8DWrs/jX\n",
            "secret_string_wo": null,
            "secret_string_wo_version": null,
            "version_id": "terraform-20260424132750007300000005",
            "version_stages": [
              "AWSCURRENT"
            ]
          },
          "sensitive_attributes": [
            [
              {
                "type": "get_attr",
                "value": "secret_binary"
              }
            ],
            [
              {
                "type": "get_attr",
                "value": "secret_string"
              }
            ],
            [
              {
                "type": "get_attr",
                "value": "secret_string_wo"
              }
            ]
          ],
          "identity_schema_version": 0,
          "identity": {
            "account_id": "247625421810",
            "region": "eu-west-3",
            "secret_id": "arn:aws:secretsmanager:eu-west-3:247625421810:secret:workstation-pubkey-omfYZ8",
            "version_id": "terraform-20260424132750007300000005"
          },
          "private": "bnVsbA==",
          "dependencies": [
            "module.workstation.aws_secretsmanager_secret.pubkey",
            "module.workstation.tls_private_key.workstation"
          ]
        }
      ]
    },
    {
      "module": "module.workstation",
      "mode": "managed",
      "type": "local_file",
      "name": "inventory",
      "provider": "provider[\"registry.terraform.io/hashicorp/local\"]",
      "instances": [
        {
          "schema_version": 0,
          "attributes": {
            "content": "[maincp]\ncontrolplane-01\n\n[controlplanes]\ncontrolplane-02\ncontrolplane-03\n\n[workers]\nworker\n",
            "content_base64": null,
            "content_base64sha256": "nYJo+9320MWgPll4+HeaAgTbzzh2OGPVbEbd2/F+b0k=",
            "content_base64sha512": "D/7zQyRumgt2dbhfZLVAubhv+MD50K0fz1E1sFNuWsAw2GT8OhB/wNMjLF22f6eJy25e0eNJ1RQc9OtQH3//YA==",
            "content_md5": "49cb16f496e5855b21b1a151e1423f30",
            "content_sha1": "469408c92ea7938273b2bd9eb1ad231fdfbcb2c3",
            "content_sha256": "9d8268fbddf6d0c5a03e5978f8779a0204dbcf38763863d56c46dddbf17e6f49",
            "content_sha512": "0ffef343246e9a0b7675b85f64b540b9b86ff8c0f9d0ad1fcf5135b0536e5ac030d864fc3a107fc0d3232c5db67fa789cb6e5ed1e349d5141cf4eb501f7fff60",
            "directory_permission": "0777",
            "file_permission": "0777",
            "filename": ".terraform/modules/workstation/tmp/inventory",
            "id": "469408c92ea7938273b2bd9eb1ad231fdfbcb2c3",
            "sensitive_content": null,
            "source": null
          },
          "sensitive_attributes": [
            [
              {
                "type": "get_attr",
                "value": "sensitive_content"
              }
            ]
          ],
          "identity_schema_version": 0
        }
      ]
    },
    {
      "module": "module.workstation",
      "mode": "managed",
      "type": "local_file",
      "name": "kubeadm_init_main",
      "provider": "provider[\"registry.terraform.io/hashicorp/local\"]",
      "instances": [
        {
          "schema_version": 0,
          "attributes": {
            "content": "apiVersion: kubeadm.k8s.io/v1beta4\nbootstrapTokens:\n- groups:\n  - system:bootstrappers:kubeadm:default-node-token\n  token: abcdef.0123456789abcdef\n  ttl: 24h0m0s\n  usages:\n  - signing\n  - authentication\nkind: InitConfiguration\nlocalAPIEndpoint:\n  advertiseAddress: {{ ansible_default_ipv4.address }}\n  bindPort: 6443\nnodeRegistration:\n  criSocket: unix:///var/run/containerd/containerd.sock\n  imagePullPolicy: IfNotPresent\n  imagePullSerial: true\n  name: {{ ansible_hostname }}\n  taints: null\ntimeouts:\n  controlPlaneComponentHealthCheck: 4m0s\n  discovery: 5m0s\n  etcdAPICall: 2m0s\n  kubeletHealthCheck: 4m0s\n  kubernetesAPICall: 1m0s\n  tlsBootstrap: 5m0s\n  upgradeManifests: 5m0s\ncertificateKey: d993fb2e51dbe6b581b95b46c64ff595f30a5d7f9e1ad5da2efffb18a03a9367\n---\napiServer: {}\napiVersion: kubeadm.k8s.io/v1beta4\ncaCertificateValidityPeriod: 87600h0m0s\ncertificateValidityPeriod: 8760h0m0s\ncertificatesDir: /etc/kubernetes/pki\ncontrolPlaneEndpoint: controlplane-lb-0de22b2ef91ec63a.elb.eu-west-3.amazonaws.com\nclusterName: kubernetes\ncontrollerManager: {}\ndns: {}\nencryptionAlgorithm: RSA-2048\netcd:\n  local:\n    dataDir: /var/lib/etcd\nimageRepository: registry.k8s.io\nkind: ClusterConfiguration\nkubernetesVersion: 1.35.0\nnetworking:\n  dnsDomain: cluster.local\n  serviceSubnet: 10.96.0.0/12\nproxy: {}\nscheduler: {}",
            "content_base64": null,
            "content_base64sha256": "/Mq46ewLlwcnJZsLF+XXVfABX7Z9yGuAwg6U8Ft4knQ=",
            "content_base64sha512": "egc0jKGn57L2B2Te97+Jzie+hzYEZYkX/JUfHSew8wkTtCTdlIO/DC6UD/q3VzvwqsABQO4gMBEzoVW1O0hnEw==",
            "content_md5": "c5866f634e2f27cf66c00aa2ab44b909",
            "content_sha1": "7afbd0074c38afd3a1ffa4c42ea49cc200eed00e",
            "content_sha256": "fccab8e9ec0b970727259b0b17e5d755f0015fb67dc86b80c20e94f05b789274",
            "content_sha512": "7a07348ca1a7e7b2f60764def7bf89ce27be873604658917fc951f1d27b0f30913b424dd9483bf0c2e940ffab7573bf0aac00140ee20301133a155b53b486713",
            "directory_permission": "0777",
            "file_permission": "0777",
            "filename": ".terraform/modules/workstation/tmp/kubeadm-init-main.j2",
            "id": "7afbd0074c38afd3a1ffa4c42ea49cc200eed00e",
            "sensitive_content": null,
            "source": null
          },
          "sensitive_attributes": [
            [
              {
                "type": "get_attr",
                "value": "sensitive_content"
              }
            ]
          ],
          "identity_schema_version": 0,
          "dependencies": [
            "module.networking.aws_lb.cp",
            "module.networking.aws_security_group.lb",
            "module.networking.aws_subnet.cp",
            "module.networking.aws_vpc.main",
            "module.networking.data.aws_availability_zones.available"
          ]
        }
      ]
    },
    {
      "module": "module.workstation",
      "mode": "managed",
      "type": "local_file",
      "name": "kubeadm_joincp",
      "provider": "provider[\"registry.terraform.io/hashicorp/local\"]",
      "instances": [
        {
          "schema_version": 0,
          "attributes": {
            "content": "apiVersion: kubeadm.k8s.io/v1beta4\ncaCertPath: /etc/kubernetes/pki/ca.crt\ndiscovery:\n  bootstrapToken:\n    apiServerEndpoint: controlplane-lb-0de22b2ef91ec63a.elb.eu-west-3.amazonaws.com:6443\n    token: abcdef.0123456789abcdef\n    unsafeSkipCAVerification: true\n  tlsBootstrapToken: abcdef.0123456789abcdef\nkind: JoinConfiguration\nnodeRegistration:\n  criSocket: unix:///var/run/containerd/containerd.sock\n  imagePullPolicy: IfNotPresent\n  imagePullSerial: true\n  name: {{ ansible_hostname }}\n  taints: null\ncontrolPlane: \n  localAPIEndpoint:  \n    advertiseAddress: {{ ansible_default_ipv4.address }}\n    bindPort: 6443\n  certificateKey: d993fb2e51dbe6b581b95b46c64ff595f30a5d7f9e1ad5da2efffb18a03a9367\ntimeouts:\n  controlPlaneComponentHealthCheck: 4m0s\n  discovery: 5m0s\n  etcdAPICall: 2m0s\n  kubeletHealthCheck: 4m0s\n  kubernetesAPICall: 1m0s\n  tlsBootstrap: 5m0s\n",
            "content_base64": null,
            "content_base64sha256": "m9URWWHy023RAygC82ud6V50SnUKEw2ketqm7eM6lxU=",
            "content_base64sha512": "v7XGWYX6Vr6xCwvtCSugtirad34jKSDTvcW/vuzszG0m8EoB249t/dP2jogyGKCUhZn/mCkk1ZVlJApzIh50bw==",
            "content_md5": "fcfc06a14d8522e120c960947f1d6a91",
            "content_sha1": "f6dfa9aad0b223c30b48ee540b994a58dc52cb8b",
            "content_sha256": "9bd5115961f2d36dd1032802f36b9de95e744a750a130da47adaa6ede33a9715",
            "content_sha512": "bfb5c65985fa56beb10b0bed092ba0b62ada777e232920d3bdc5bfbeececcc6d26f04a01db8f6dfdd3f68e883218a0948599ff982924d59565240a73221e746f",
            "directory_permission": "0777",
            "file_permission": "0777",
            "filename": ".terraform/modules/workstation/tmp/kubeadm-join-cp.j2",
            "id": "f6dfa9aad0b223c30b48ee540b994a58dc52cb8b",
            "sensitive_content": null,
            "source": null
          },
          "sensitive_attributes": [
            [
              {
                "type": "get_attr",
                "value": "sensitive_content"
              }
            ]
          ],
          "identity_schema_version": 0,
          "dependencies": [
            "module.networking.aws_lb.cp",
            "module.networking.aws_security_group.lb",
            "module.networking.aws_subnet.cp",
            "module.networking.aws_vpc.main",
            "module.networking.data.aws_availability_zones.available"
          ]
        }
      ]
    },
    {
      "module": "module.workstation",
      "mode": "managed",
      "type": "local_file",
      "name": "kubeadm_joinwk",
      "provider": "provider[\"registry.terraform.io/hashicorp/local\"]",
      "instances": [
        {
          "schema_version": 0,
          "attributes": {
            "content": "apiVersion: kubeadm.k8s.io/v1beta4\ncaCertPath: /etc/kubernetes/pki/ca.crt\ndiscovery:\n  bootstrapToken:\n    apiServerEndpoint: controlplane-lb-0de22b2ef91ec63a.elb.eu-west-3.amazonaws.com:6443\n    token: abcdef.0123456789abcdef\n    unsafeSkipCAVerification: true\n  tlsBootstrapToken: abcdef.0123456789abcdef\nkind: JoinConfiguration\nnodeRegistration:\n  criSocket: unix:///var/run/containerd/containerd.sock\n  imagePullPolicy: IfNotPresent\n  imagePullSerial: true\n  name: {{ ansible_hostname }}\n  taints: null\ntimeouts:\n  controlPlaneComponentHealthCheck: 4m0s\n  discovery: 5m0s\n  etcdAPICall: 2m0s\n  kubeletHealthCheck: 4m0s\n  kubernetesAPICall: 1m0s\n  tlsBootstrap: 5m0s\n",
            "content_base64": null,
            "content_base64sha256": "HRnVsvliqrPawpnHFJ8Wl4CyUQvvCg7fJrUVGM5ajEg=",
            "content_base64sha512": "2CNKHdvFkAQyZ1/m4ArCd88STy4erqx4ZhWJQXCAHCXDH81EM0w/T/Reva7FDvHtbrYS43pxBcjG3sliS2363g==",
            "content_md5": "6bfe5bcc35eae160c03b220974dcb41a",
            "content_sha1": "58114aa56be171f00c244a0dfbddff7c281963c5",
            "content_sha256": "1d19d5b2f962aab3dac299c7149f169780b2510bef0a0edf26b51518ce5a8c48",
            "content_sha512": "d8234a1ddbc5900432675fe6e00ac277cf124f2e1eaeac786615894170801c25c31fcd44334c3f4ff45ebdaec50ef1ed6eb612e37a7105c8c6dec9624b6dfade",
            "directory_permission": "0777",
            "file_permission": "0777",
            "filename": ".terraform/modules/workstation/tmp/kubeadm-join-wk.j2",
            "id": "58114aa56be171f00c244a0dfbddff7c281963c5",
            "sensitive_content": null,
            "source": null
          },
          "sensitive_attributes": [
            [
              {
                "type": "get_attr",
                "value": "sensitive_content"
              }
            ]
          ],
          "identity_schema_version": 0,
          "dependencies": [
            "module.networking.aws_lb.cp",
            "module.networking.aws_security_group.lb",
            "module.networking.aws_subnet.cp",
            "module.networking.aws_vpc.main",
            "module.networking.data.aws_availability_zones.available"
          ]
        }
      ]
    },
    {
      "module": "module.workstation",
      "mode": "managed",
      "type": "null_resource",
      "name": "deleteTemp",
      "provider": "provider[\"registry.terraform.io/hashicorp/null\"]",
      "instances": [
        {
          "schema_version": 0,
          "attributes": {
            "id": "3801962654152996169",
            "triggers": null
          },
          "sensitive_attributes": [],
          "identity_schema_version": 0,
          "dependencies": [
            "module.workstation.aws_s3_bucket.scripts",
            "module.workstation.aws_s3_object.ansible_inventory",
            "module.workstation.local_file.inventory"
          ]
        }
      ]
    },
    {
      "module": "module.workstation",
      "mode": "managed",
      "type": "null_resource",
      "name": "kubeadm_init_main_delete",
      "provider": "provider[\"registry.terraform.io/hashicorp/null\"]",
      "instances": [
        {
          "schema_version": 0,
          "attributes": {
            "id": "7181102842079036335",
            "triggers": null
          },
          "sensitive_attributes": [],
          "identity_schema_version": 0,
          "dependencies": [
            "module.networking.aws_lb.cp",
            "module.networking.aws_security_group.lb",
            "module.networking.aws_subnet.cp",
            "module.networking.aws_vpc.main",
            "module.networking.data.aws_availability_zones.available",
            "module.workstation.aws_s3_bucket.scripts",
            "module.workstation.aws_s3_object.kubeadm_init_main",
            "module.workstation.local_file.kubeadm_init_main"
          ]
        }
      ]
    },
    {
      "module": "module.workstation",
      "mode": "managed",
      "type": "null_resource",
      "name": "kubeadm_joincp_delete",
      "provider": "provider[\"registry.terraform.io/hashicorp/null\"]",
      "instances": [
        {
          "schema_version": 0,
          "attributes": {
            "id": "419268232855820739",
            "triggers": null
          },
          "sensitive_attributes": [],
          "identity_schema_version": 0,
          "dependencies": [
            "module.networking.aws_lb.cp",
            "module.networking.aws_security_group.lb",
            "module.networking.aws_subnet.cp",
            "module.networking.aws_vpc.main",
            "module.networking.data.aws_availability_zones.available",
            "module.workstation.aws_s3_bucket.scripts",
            "module.workstation.aws_s3_object.kubeadm_joincp",
            "module.workstation.local_file.kubeadm_joincp"
          ]
        }
      ]
    },
    {
      "module": "module.workstation",
      "mode": "managed",
      "type": "null_resource",
      "name": "kubeadm_joinwk_delete",
      "provider": "provider[\"registry.terraform.io/hashicorp/null\"]",
      "instances": [
        {
          "schema_version": 0,
          "attributes": {
            "id": "3318950982313718060",
            "triggers": null
          },
          "sensitive_attributes": [],
          "identity_schema_version": 0,
          "dependencies": [
            "module.networking.aws_lb.cp",
            "module.networking.aws_security_group.lb",
            "module.networking.aws_subnet.cp",
            "module.networking.aws_vpc.main",
            "module.networking.data.aws_availability_zones.available",
            "module.workstation.aws_s3_bucket.scripts",
            "module.workstation.aws_s3_object.kubeadm_joinwk",
            "module.workstation.local_file.kubeadm_joinwk"
          ]
        }
      ]
    },
    {
      "module": "module.workstation",
      "mode": "managed",
      "type": "tls_private_key",
      "name": "workstation",
      "provider": "provider[\"registry.terraform.io/hashicorp/tls\"]",
      "instances": [
        {
          "schema_version": 1,
          "attributes": {
            "algorithm": "ED25519",
            "ecdsa_curve": "P224",
            "id": "c7647d465dd2c3d7cd78a033ddec90a4fe2baa54",
            "private_key_openssh": "-----BEGIN OPENSSH PRIVATE KEY-----\nb3BlbnNzaC1rZXktdjEAAAAABG5vbmUAAAAEbm9uZQAAAAAAAAABAAAAMwAAAAtz\nc2gtZWQyNTUxOQAAACCOLAp/bB7BS3YlPOnPVJWBk8Nr3Rp25xd+zfA1q7P41wAA\nAIhkWdgkZFnYJAAAAAtzc2gtZWQyNTUxOQAAACCOLAp/bB7BS3YlPOnPVJWBk8Nr\n3Rp25xd+zfA1q7P41wAAAEAl+/cvdizlbEK6cqhrXl/vsiKf/3xPk7vU84vEDsh5\nco4sCn9sHsFLdiU86c9UlYGTw2vdGnbnF37N8DWrs/jXAAAAAAECAwQF\n-----END OPENSSH PRIVATE KEY-----\n",
            "private_key_pem": "-----BEGIN PRIVATE KEY-----\nMC4CAQAwBQYDK2VwBCIEICX79y92LOVsQrpyqGteX++yIp//fE+Tu9Tzi8QOyHly\n-----END PRIVATE KEY-----\n",
            "private_key_pem_pkcs8": "-----BEGIN PRIVATE KEY-----\nMC4CAQAwBQYDK2VwBCIEICX79y92LOVsQrpyqGteX++yIp//fE+Tu9Tzi8QOyHly\n-----END PRIVATE KEY-----\n",
            "public_key_fingerprint_md5": "8e:42:0e:76:fb:9e:ff:75:ea:2f:1a:47:9a:a8:fd:e5",
            "public_key_fingerprint_sha256": "SHA256:OL75pGqMY1jrRiM5z1X3b2G+k12jN60YLiC6rNp75Fo",
            "public_key_openssh": "ssh-ed25519 AAAAC3NzaC1lZDI1NTE5AAAAII4sCn9sHsFLdiU86c9UlYGTw2vdGnbnF37N8DWrs/jX\n",
            "public_key_pem": "-----BEGIN PUBLIC KEY-----\nMCowBQYDK2VwAyEAjiwKf2wewUt2JTzpz1SVgZPDa90aducXfs3wNauz+Nc=\n-----END PUBLIC KEY-----\n",
            "rsa_bits": 2048
          },
          "sensitive_attributes": [
            [
              {
                "type": "get_attr",
                "value": "private_key_openssh"
              }
            ],
            [
              {
                "type": "get_attr",
                "value": "private_key_pem"
              }
            ],
            [
              {
                "type": "get_attr",
                "value": "private_key_pem_pkcs8"
              }
            ]
          ],
          "identity_schema_version": 0
        }
      ]
    }
  ],
  "check_results": [
    {
      "object_kind": "var",
      "config_addr": "module.workstation.var.workstation_config",
      "status": "pass",
      "objects": [
        {
          "object_addr": "module.workstation.var.workstation_config",
          "status": "pass"
        }
      ]
    },
    {
      "object_kind": "var",
      "config_addr": "module.networking.var.kubernetes_cp_subnets",
      "status": "pass",
      "objects": [
        {
          "object_addr": "module.networking.var.kubernetes_cp_subnets",
          "status": "pass"
        }
      ]
    },
    {
      "object_kind": "var",
      "config_addr": "module.networking.var.workstation_subnet",
      "status": "pass",
      "objects": [
        {
          "object_addr": "module.networking.var.workstation_subnet",
          "status": "pass"
        }
      ]
    },
    {
      "object_kind": "var",
      "config_addr": "module.networking.var.vpc",
      "status": "pass",
      "objects": [
        {
          "object_addr": "module.networking.var.vpc",
          "status": "pass"
        }
      ]
    },
    {
      "object_kind": "var",
      "config_addr": "module.networking.var.kubernetes_wk_subnet",
      "status": "pass",
      "objects": [
        {
          "object_addr": "module.networking.var.kubernetes_wk_subnet",
          "status": "pass"
        }
      ]
    }
  ]
}
