{
  "version": 4,
  "terraform_version": "1.14.3",
  "serial": 17,
  "lineage": "169bd0c7-e708-784d-8b39-79d581d562b9",
  "outputs": {
    "workstation-tls": {
      "value": "ssh-ed25519 AAAAC3NzaC1lZDI1NTE5AAAAIHBC/2Xqc1S9D53+QtrXvlAH0bgtKppJ6zk+alOSedn2\n",
      "type": "string"
    }
  },
  "resources": [
    {
      "mode": "managed",
      "type": "aws_secretsmanager_secret",
      "name": "key",
      "provider": "provider[\"registry.terraform.io/hashicorp/aws\"]",
      "instances": [
        {
          "schema_version": 0,
          "attributes": {
            "arn": "arn:aws:secretsmanager:eu-west-3:247625421810:secret:testkeythomas-XQcFiI",
            "description": "",
            "force_overwrite_replica_secret": false,
            "id": "arn:aws:secretsmanager:eu-west-3:247625421810:secret:testkeythomas-XQcFiI",
            "kms_key_id": "",
            "name": "testkeythomas",
            "name_prefix": "",
            "policy": "",
            "recovery_window_in_days": 30,
            "region": "eu-west-3",
            "replica": [],
            "tags": {},
            "tags_all": {}
          },
          "sensitive_attributes": [],
          "identity_schema_version": 0,
          "identity": {
            "arn": "arn:aws:secretsmanager:eu-west-3:247625421810:secret:testkeythomas-XQcFiI"
          },
          "private": "bnVsbA=="
        }
      ]
    },
    {
      "mode": "managed",
      "type": "aws_secretsmanager_secret_version",
      "name": "key",
      "provider": "provider[\"registry.terraform.io/hashicorp/aws\"]",
      "instances": [
        {
          "schema_version": 0,
          "attributes": {
            "arn": "arn:aws:secretsmanager:eu-west-3:247625421810:secret:testkeythomas-XQcFiI",
            "has_secret_string_wo": null,
            "id": "arn:aws:secretsmanager:eu-west-3:247625421810:secret:testkeythomas-XQcFiI|terraform-20260416135103974200000001",
            "region": "eu-west-3",
            "secret_binary": "",
            "secret_id": "arn:aws:secretsmanager:eu-west-3:247625421810:secret:testkeythomas-XQcFiI",
            "secret_string": "ssh-ed25519 AAAAC3NzaC1lZDI1NTE5AAAAIHBC/2Xqc1S9D53+QtrXvlAH0bgtKppJ6zk+alOSedn2\n",
            "secret_string_wo": null,
            "secret_string_wo_version": null,
            "version_id": "terraform-20260416135103974200000001",
            "version_stages": [
              "AWSCURRENT"
            ]
          },
          "sensitive_attributes": [
            [
              {
                "type": "get_attr",
                "value": "secret_binary"
              }
            ],
            [
              {
                "type": "get_attr",
                "value": "secret_string"
              }
            ],
            [
              {
                "type": "get_attr",
                "value": "secret_string_wo"
              }
            ]
          ],
          "identity_schema_version": 0,
          "identity": {
            "account_id": "247625421810",
            "region": "eu-west-3",
            "secret_id": "arn:aws:secretsmanager:eu-west-3:247625421810:secret:testkeythomas-XQcFiI",
            "version_id": "terraform-20260416135103974200000001"
          },
          "private": "bnVsbA==",
          "dependencies": [
            "aws_secretsmanager_secret.key",
            "tls_private_key.workstation"
          ]
        }
      ]
    },
    {
      "mode": "managed",
      "type": "tls_private_key",
      "name": "workstation",
      "provider": "provider[\"registry.terraform.io/hashicorp/tls\"]",
      "instances": [
        {
          "schema_version": 1,
          "attributes": {
            "algorithm": "ED25519",
            "ecdsa_curve": "P224",
            "id": "e046420e1e4a302ce6a0c463455bfc3a81e63a8a",
            "private_key_openssh": "-----BEGIN OPENSSH PRIVATE KEY-----\nb3BlbnNzaC1rZXktdjEAAAAABG5vbmUAAAAEbm9uZQAAAAAAAAABAAAAMwAAAAtz\nc2gtZWQyNTUxOQAAACBwQv9l6nNUvQ+d/kLa175QB9G4LSqaSes5PmpTknnZ9gAA\nAIg3L23eNy9t3gAAAAtzc2gtZWQyNTUxOQAAACBwQv9l6nNUvQ+d/kLa175QB9G4\nLSqaSes5PmpTknnZ9gAAAEA47HESpF0ivle5jISHlIxdgEW7/2AG/9RQrvxByobm\nhHBC/2Xqc1S9D53+QtrXvlAH0bgtKppJ6zk+alOSedn2AAAAAAECAwQF\n-----END OPENSSH PRIVATE KEY-----\n",
            "private_key_pem": "-----BEGIN PRIVATE KEY-----\nMC4CAQAwBQYDK2VwBCIEIDjscRKkXSK+V7mMhIeUjF2ARbv/YAb/1FCu/EHKhuaE\n-----END PRIVATE KEY-----\n",
            "private_key_pem_pkcs8": "-----BEGIN PRIVATE KEY-----\nMC4CAQAwBQYDK2VwBCIEIDjscRKkXSK+V7mMhIeUjF2ARbv/YAb/1FCu/EHKhuaE\n-----END PRIVATE KEY-----\n",
            "public_key_fingerprint_md5": "6f:7e:2c:0d:a6:ea:af:8d:1d:bb:c6:a8:7e:20:9c:a7",
            "public_key_fingerprint_sha256": "SHA256:O6xGs9iAFy7JY7s6zMZOrQffO0y6Kz4ivhzr37CjHmw",
            "public_key_openssh": "ssh-ed25519 AAAAC3NzaC1lZDI1NTE5AAAAIHBC/2Xqc1S9D53+QtrXvlAH0bgtKppJ6zk+alOSedn2\n",
            "public_key_pem": "-----BEGIN PUBLIC KEY-----\nMCowBQYDK2VwAyEAcEL/ZepzVL0Pnf5C2te+UAfRuC0qmknrOT5qU5J52fY=\n-----END PUBLIC KEY-----\n",
            "rsa_bits": 2048
          },
          "sensitive_attributes": [
            [
              {
                "type": "get_attr",
                "value": "private_key_openssh"
              }
            ],
            [
              {
                "type": "get_attr",
                "value": "private_key_pem"
              }
            ],
            [
              {
                "type": "get_attr",
                "value": "private_key_pem_pkcs8"
              }
            ]
          ],
          "identity_schema_version": 0
        }
      ]
    }
  ],
  "check_results": null
}
